// !$*UTF8*$!
{
	archiveVersion = 1;
	classes = {
	};
	objectVersion = 46;
	objects = {

/* Begin PBXBuildFile section */
		00C302E51ABCBA2D00DB3ED1 /* libRCTActionSheet.a in Frameworks */ = {isa = PBXBuildFile; fileRef = 00C302AC1ABCB8CE00DB3ED1 /* libRCTActionSheet.a */; };
		00C302E71ABCBA2D00DB3ED1 /* libRCTGeolocation.a in Frameworks */ = {isa = PBXBuildFile; fileRef = 00C302BA1ABCB90400DB3ED1 /* libRCTGeolocation.a */; };
		00C302E81ABCBA2D00DB3ED1 /* libRCTImage.a in Frameworks */ = {isa = PBXBuildFile; fileRef = 00C302C01ABCB91800DB3ED1 /* libRCTImage.a */; };
		00C302E91ABCBA2D00DB3ED1 /* libRCTNetwork.a in Frameworks */ = {isa = PBXBuildFile; fileRef = 00C302DC1ABCB9D200DB3ED1 /* libRCTNetwork.a */; };
		00C302EA1ABCBA2D00DB3ED1 /* libRCTVibration.a in Frameworks */ = {isa = PBXBuildFile; fileRef = 00C302E41ABCB9EE00DB3ED1 /* libRCTVibration.a */; };
		0DAA7D3F4474431DB7F814F6 /* Feather.ttf in Resources */ = {isa = PBXBuildFile; fileRef = 366697FD926446CCA203C70B /* Feather.ttf */; };
		133E29F31AD74F7200F7D852 /* libRCTLinking.a in Frameworks */ = {isa = PBXBuildFile; fileRef = 78C398B91ACF4ADC00677621 /* libRCTLinking.a */; };
		139105C61AF99C1200B5F7CC /* libRCTSettings.a in Frameworks */ = {isa = PBXBuildFile; fileRef = 139105C11AF99BAD00B5F7CC /* libRCTSettings.a */; };
		139FDEF61B0652A700C62182 /* libRCTWebSocket.a in Frameworks */ = {isa = PBXBuildFile; fileRef = 139FDEF41B06529B00C62182 /* libRCTWebSocket.a */; };
		13B07FBC1A68108700A75B9A /* AppDelegate.m in Sources */ = {isa = PBXBuildFile; fileRef = 13B07FB01A68108700A75B9A /* AppDelegate.m */; };
		13B07FBF1A68108700A75B9A /* Images.xcassets in Resources */ = {isa = PBXBuildFile; fileRef = 13B07FB51A68108700A75B9A /* Images.xcassets */; };
		13B07FC11A68108700A75B9A /* main.m in Sources */ = {isa = PBXBuildFile; fileRef = 13B07FB71A68108700A75B9A /* main.m */; };
		146834051AC3E58100842450 /* libReact.a in Frameworks */ = {isa = PBXBuildFile; fileRef = 146834041AC3E56700842450 /* libReact.a */; };
		15DA822DC03E48AEA3D75242 /* libSplashScreen.a in Frameworks */ = {isa = PBXBuildFile; fileRef = 02D1F519613E49A28BE7F5D2 /* libSplashScreen.a */; };
		2D0077CCDD89482A8B1FDCB5 /* FontAwesome.ttf in Resources */ = {isa = PBXBuildFile; fileRef = 7D5B338B22814FCDB1CFAA7B /* FontAwesome.ttf */; };
		2F39715396064AF091A714CD /* libRNSound.a in Frameworks */ = {isa = PBXBuildFile; fileRef = 70F4B147647541A8BA78D846 /* libRNSound.a */; };
		36DF944F6187490CA4108E33 /* Foundation.ttf in Resources */ = {isa = PBXBuildFile; fileRef = C0C8C63FDCB74CC7813EA4E1 /* Foundation.ttf */; };
		3F7FD267C24B46BE97C0A747 /* rubik_medium.ttf in Resources */ = {isa = PBXBuildFile; fileRef = FB80B7E5F5C3440490B369C8 /* rubik_medium.ttf */; };
		4129D53B124E47AFBCF16E5F /* libBugsnagReactNative.a in Frameworks */ = {isa = PBXBuildFile; fileRef = 07CD39BAB3F94EBFA5FB3FE1 /* libBugsnagReactNative.a */; };
		431A1D33C01041AF8779E444 /* libReactNativeAudioStreaming.a in Frameworks */ = {isa = PBXBuildFile; fileRef = E93A1CE518D44CA1899F4B71 /* libReactNativeAudioStreaming.a */; };
		4D85CDBAA24242809B98B166 /* libBVLinearGradient.a in Frameworks */ = {isa = PBXBuildFile; fileRef = 5EC725CD61F446C8BE1EF2A0 /* libBVLinearGradient.a */; };
		5316B1937A534297A8232F7A /* SystemConfiguration.framework in Frameworks */ = {isa = PBXBuildFile; fileRef = AF1F4024E48C47E180C8B0F4 /* SystemConfiguration.framework */; };
		590FB93B1FA39B1B006BF7C5 /* vagalumeFM_icons.ttf in Resources */ = {isa = PBXBuildFile; fileRef = 590FB93A1FA39B1B006BF7C5 /* vagalumeFM_icons.ttf */; };
		59233FDA1F58644800DC34B5 /* libRCTPushNotification.a in Frameworks */ = {isa = PBXBuildFile; fileRef = 59233FD71F58642C00DC34B5 /* libRCTPushNotification.a */; };
		5943F88E1F2628DF00757CBC /* AVPlayerManager.m in Sources */ = {isa = PBXBuildFile; fileRef = 5943F88D1F2628DF00757CBC /* AVPlayerManager.m */; };
		5943F8911F2628FD00757CBC /* MediaControlsManager.m in Sources */ = {isa = PBXBuildFile; fileRef = 5943F8901F2628FD00757CBC /* MediaControlsManager.m */; };
		5943F89D1F262C7B00757CBC /* libStreamingKit.a in Frameworks */ = {isa = PBXBuildFile; fileRef = 5943F89A1F2629B500757CBC /* libStreamingKit.a */; };
		5965496B1F673309002B7306 /* GoogleService-Info.plist in Resources */ = {isa = PBXBuildFile; fileRef = 5965496A1F673309002B7306 /* GoogleService-Info.plist */; };
		5E9157361DD0AC6A00FF2AA8 /* libRCTAnimation.a in Frameworks */ = {isa = PBXBuildFile; fileRef = 5E9157331DD0AC6500FF2AA8 /* libRCTAnimation.a */; };
		69C60610B91D4B90B82C72D3 /* rubik_light.ttf in Resources */ = {isa = PBXBuildFile; fileRef = C3FCBB8ACB4C470AA7B5C9B6 /* rubik_light.ttf */; };
		74753C104341478DA6A01756 /* libRNVectorIcons.a in Frameworks */ = {isa = PBXBuildFile; fileRef = DEBDDDC1A87A4266916BE2E5 /* libRNVectorIcons.a */; };
		832341BD1AAA6AB300B99B32 /* libRCTText.a in Frameworks */ = {isa = PBXBuildFile; fileRef = 832341B51AAA6A8300B99B32 /* libRCTText.a */; };
		8582C271EC1B4B6C93F5E8E0 /* Ionicons.ttf in Resources */ = {isa = PBXBuildFile; fileRef = B65C7477CA9B4ED7A676CFE3 /* Ionicons.ttf */; };
		8BC2846DE6E04CB58527D24D /* libRNFS.a in Frameworks */ = {isa = PBXBuildFile; fileRef = 06E6FC3CA20B488EA2E17153 /* libRNFS.a */; };
		8C1FDF6E51894CA2B7E81079 /* rubik.ttf in Resources */ = {isa = PBXBuildFile; fileRef = 964CDAE372B2461CB5AA5569 /* rubik.ttf */; };
		916386CCDDA14C4A83CB593A /* Entypo.ttf in Resources */ = {isa = PBXBuildFile; fileRef = 89A6137D2A0348788DD17418 /* Entypo.ttf */; };
		930D6600609040CA9159541E /* libRNFirebase.a in Frameworks */ = {isa = PBXBuildFile; fileRef = 6128CD5F1E414515B112179B /* libRNFirebase.a */; };
		94999AB36788444C94E2C92A /* libsqlite3.0.tbd in Frameworks */ = {isa = PBXBuildFile; fileRef = 054F1FD4A59E4942A6B3984E /* libsqlite3.0.tbd */; };
		9E94013225AD4FAD9DE33A65 /* libFastImage.a in Frameworks */ = {isa = PBXBuildFile; fileRef = D82975E7E52D41C3A0665470 /* libFastImage.a */; };
		AC8F54466D09412DB11CC222 /* libz.tbd in Frameworks */ = {isa = PBXBuildFile; fileRef = 6478F58305484BF28694D0D8 /* libz.tbd */; };
		AE93EB76136349E08D7D3675 /* libRCTGoogleAnalyticsBridge.a in Frameworks */ = {isa = PBXBuildFile; fileRef = E8C7A95EA74047ACA517630C /* libRCTGoogleAnalyticsBridge.a */; };
		AFB2458161414A8C96D623E3 /* libRNBackgroundTimer.a in Frameworks */ = {isa = PBXBuildFile; fileRef = FAA2162922AE4121B94F194A /* libRNBackgroundTimer.a */; };
		C5682912D10D4081A170A4E6 /* rubik_bold.ttf in Resources */ = {isa = PBXBuildFile; fileRef = E29C610A3FDC47DDB6BECCB3 /* rubik_bold.ttf */; };
		C80EEDA69DDB41B1BECFB4F6 /* CoreData.framework in Frameworks */ = {isa = PBXBuildFile; fileRef = 95309EFA5F264EFF9402C280 /* CoreData.framework */; };
		CDDCCD95B5E2463FB244212B /* MaterialCommunityIcons.ttf in Resources */ = {isa = PBXBuildFile; fileRef = 5E604D95D0DC438A94BE9281 /* MaterialCommunityIcons.ttf */; };
		D13198D99E7E43748169DE93 /* EvilIcons.ttf in Resources */ = {isa = PBXBuildFile; fileRef = 86FC0A43A54A4644A69CD252 /* EvilIcons.ttf */; };
		D77A14A60CC24D029B1D37E0 /* libRNDeviceInfo.a in Frameworks */ = {isa = PBXBuildFile; fileRef = A878D297C0974DEB9BCAC6A9 /* libRNDeviceInfo.a */; };
		D847040F4B7F476896D8C27F /* libRCTOrientation.a in Frameworks */ = {isa = PBXBuildFile; fileRef = 7B6D6997DFA64F0DB46B9B4B /* libRCTOrientation.a */; };
		E17A162BC0D941B0812DB125 /* MaterialIcons.ttf in Resources */ = {isa = PBXBuildFile; fileRef = 2A81F6427D554D0A981E7D45 /* MaterialIcons.ttf */; };
		E32207058FA0414A85AE5AF3 /* Zocial.ttf in Resources */ = {isa = PBXBuildFile; fileRef = 21F069CA746E4A288625D04F /* Zocial.ttf */; };
		E459D03315CE406A92C6ADFE /* SimpleLineIcons.ttf in Resources */ = {isa = PBXBuildFile; fileRef = 57208054B60642B99DD7DB63 /* SimpleLineIcons.ttf */; };
		EAAA115DF1A936BCCEB0AA80 /* libPods-VagalumeFM.a in Frameworks */ = {isa = PBXBuildFile; fileRef = 2946070735C68DFFC1088BC7 /* libPods-VagalumeFM.a */; };
		F9A2FF14B4E14C99902DE3FA /* Octicons.ttf in Resources */ = {isa = PBXBuildFile; fileRef = 902C071E005142BF9E5417C3 /* Octicons.ttf */; };
/* End PBXBuildFile section */

/* Begin PBXContainerItemProxy section */
		00C302AB1ABCB8CE00DB3ED1 /* PBXContainerItemProxy */ = {
			isa = PBXContainerItemProxy;
			containerPortal = 00C302A71ABCB8CE00DB3ED1 /* RCTActionSheet.xcodeproj */;
			proxyType = 2;
			remoteGlobalIDString = 134814201AA4EA6300B7C361;
			remoteInfo = RCTActionSheet;
		};
		00C302B91ABCB90400DB3ED1 /* PBXContainerItemProxy */ = {
			isa = PBXContainerItemProxy;
			containerPortal = 00C302B51ABCB90400DB3ED1 /* RCTGeolocation.xcodeproj */;
			proxyType = 2;
			remoteGlobalIDString = 134814201AA4EA6300B7C361;
			remoteInfo = RCTGeolocation;
		};
		00C302BF1ABCB91800DB3ED1 /* PBXContainerItemProxy */ = {
			isa = PBXContainerItemProxy;
			containerPortal = 00C302BB1ABCB91800DB3ED1 /* RCTImage.xcodeproj */;
			proxyType = 2;
			remoteGlobalIDString = 58B5115D1A9E6B3D00147676;
			remoteInfo = RCTImage;
		};
		00C302DB1ABCB9D200DB3ED1 /* PBXContainerItemProxy */ = {
			isa = PBXContainerItemProxy;
			containerPortal = 00C302D31ABCB9D200DB3ED1 /* RCTNetwork.xcodeproj */;
			proxyType = 2;
			remoteGlobalIDString = 58B511DB1A9E6C8500147676;
			remoteInfo = RCTNetwork;
		};
		00C302E31ABCB9EE00DB3ED1 /* PBXContainerItemProxy */ = {
			isa = PBXContainerItemProxy;
			containerPortal = 00C302DF1ABCB9EE00DB3ED1 /* RCTVibration.xcodeproj */;
			proxyType = 2;
			remoteGlobalIDString = 832C81801AAF6DEF007FA2F7;
			remoteInfo = RCTVibration;
		};
		139105C01AF99BAD00B5F7CC /* PBXContainerItemProxy */ = {
			isa = PBXContainerItemProxy;
			containerPortal = 139105B61AF99BAD00B5F7CC /* RCTSettings.xcodeproj */;
			proxyType = 2;
			remoteGlobalIDString = 134814201AA4EA6300B7C361;
			remoteInfo = RCTSettings;
		};
		139FDEF31B06529B00C62182 /* PBXContainerItemProxy */ = {
			isa = PBXContainerItemProxy;
			containerPortal = 139FDEE61B06529A00C62182 /* RCTWebSocket.xcodeproj */;
			proxyType = 2;
			remoteGlobalIDString = 3C86DF461ADF2C930047B81A;
			remoteInfo = RCTWebSocket;
		};
		146834031AC3E56700842450 /* PBXContainerItemProxy */ = {
			isa = PBXContainerItemProxy;
			containerPortal = 146833FF1AC3E56700842450 /* React.xcodeproj */;
			proxyType = 2;
			remoteGlobalIDString = 83CBBA2E1A601D0E00E9B192;
			remoteInfo = React;
		};
		3DAD3E831DF850E9000B6D8A /* PBXContainerItemProxy */ = {
			isa = PBXContainerItemProxy;
			containerPortal = 00C302BB1ABCB91800DB3ED1 /* RCTImage.xcodeproj */;
			proxyType = 2;
			remoteGlobalIDString = 2D2A283A1D9B042B00D4039D;
			remoteInfo = "RCTImage-tvOS";
		};
		3DAD3E871DF850E9000B6D8A /* PBXContainerItemProxy */ = {
			isa = PBXContainerItemProxy;
			containerPortal = 78C398B01ACF4ADC00677621 /* RCTLinking.xcodeproj */;
			proxyType = 2;
			remoteGlobalIDString = 2D2A28471D9B043800D4039D;
			remoteInfo = "RCTLinking-tvOS";
		};
		3DAD3E8B1DF850E9000B6D8A /* PBXContainerItemProxy */ = {
			isa = PBXContainerItemProxy;
			containerPortal = 00C302D31ABCB9D200DB3ED1 /* RCTNetwork.xcodeproj */;
			proxyType = 2;
			remoteGlobalIDString = 2D2A28541D9B044C00D4039D;
			remoteInfo = "RCTNetwork-tvOS";
		};
		3DAD3E8F1DF850E9000B6D8A /* PBXContainerItemProxy */ = {
			isa = PBXContainerItemProxy;
			containerPortal = 139105B61AF99BAD00B5F7CC /* RCTSettings.xcodeproj */;
			proxyType = 2;
			remoteGlobalIDString = 2D2A28611D9B046600D4039D;
			remoteInfo = "RCTSettings-tvOS";
		};
		3DAD3E931DF850E9000B6D8A /* PBXContainerItemProxy */ = {
			isa = PBXContainerItemProxy;
			containerPortal = 832341B01AAA6A8300B99B32 /* RCTText.xcodeproj */;
			proxyType = 2;
			remoteGlobalIDString = 2D2A287B1D9B048500D4039D;
			remoteInfo = "RCTText-tvOS";
		};
		3DAD3E981DF850E9000B6D8A /* PBXContainerItemProxy */ = {
			isa = PBXContainerItemProxy;
			containerPortal = 139FDEE61B06529A00C62182 /* RCTWebSocket.xcodeproj */;
			proxyType = 2;
			remoteGlobalIDString = 2D2A28881D9B049200D4039D;
			remoteInfo = "RCTWebSocket-tvOS";
		};
		3DAD3EA41DF850E9000B6D8A /* PBXContainerItemProxy */ = {
			isa = PBXContainerItemProxy;
			containerPortal = 146833FF1AC3E56700842450 /* React.xcodeproj */;
			proxyType = 2;
			remoteGlobalIDString = 3D3C059A1DE3340900C268FA;
			remoteInfo = yoga;
		};
		3DAD3EA61DF850E9000B6D8A /* PBXContainerItemProxy */ = {
			isa = PBXContainerItemProxy;
			containerPortal = 146833FF1AC3E56700842450 /* React.xcodeproj */;
			proxyType = 2;
			remoteGlobalIDString = 3D3C06751DE3340C00C268FA;
			remoteInfo = "yoga-tvOS";
		};
		3DAD3EA81DF850E9000B6D8A /* PBXContainerItemProxy */ = {
			isa = PBXContainerItemProxy;
			containerPortal = 146833FF1AC3E56700842450 /* React.xcodeproj */;
			proxyType = 2;
			remoteGlobalIDString = 3D3CD9251DE5FBEC00167DC4;
			remoteInfo = cxxreact;
		};
		3DAD3EAA1DF850E9000B6D8A /* PBXContainerItemProxy */ = {
			isa = PBXContainerItemProxy;
			containerPortal = 146833FF1AC3E56700842450 /* React.xcodeproj */;
			proxyType = 2;
			remoteGlobalIDString = 3D3CD9321DE5FBEE00167DC4;
			remoteInfo = "cxxreact-tvOS";
		};
		3DAD3EAC1DF850E9000B6D8A /* PBXContainerItemProxy */ = {
			isa = PBXContainerItemProxy;
			containerPortal = 146833FF1AC3E56700842450 /* React.xcodeproj */;
			proxyType = 2;
			remoteGlobalIDString = 3D3CD90B1DE5FBD600167DC4;
			remoteInfo = jschelpers;
		};
		3DAD3EAE1DF850E9000B6D8A /* PBXContainerItemProxy */ = {
			isa = PBXContainerItemProxy;
			containerPortal = 146833FF1AC3E56700842450 /* React.xcodeproj */;
			proxyType = 2;
			remoteGlobalIDString = 3D3CD9181DE5FBD800167DC4;
			remoteInfo = "jschelpers-tvOS";
		};
		59233EF71F57081E00DC34B5 /* PBXContainerItemProxy */ = {
			isa = PBXContainerItemProxy;
			containerPortal = 533D50259ADC44C1B8ED4038 /* BVLinearGradient.xcodeproj */;
			proxyType = 2;
			remoteGlobalIDString = 64AA15081EF7F30100718508;
			remoteInfo = "BVLinearGradient-tvOS";
		};
		59233FD61F58642C00DC34B5 /* PBXContainerItemProxy */ = {
			isa = PBXContainerItemProxy;
			containerPortal = 59233FD11F58642C00DC34B5 /* RCTPushNotification.xcodeproj */;
			proxyType = 2;
			remoteGlobalIDString = 134814201AA4EA6300B7C361;
			remoteInfo = RCTPushNotification;
		};
		59233FD81F58642C00DC34B5 /* PBXContainerItemProxy */ = {
			isa = PBXContainerItemProxy;
			containerPortal = 59233FD11F58642C00DC34B5 /* RCTPushNotification.xcodeproj */;
			proxyType = 2;
			remoteGlobalIDString = 3D05745F1DE6004600184BB4;
			remoteInfo = "RCTPushNotification-tvOS";
		};
		5925967E1F193734006458B5 /* PBXContainerItemProxy */ = {
			isa = PBXContainerItemProxy;
			containerPortal = 28BC0666508D4AC2BCE4C5D1 /* BugsnagReactNative.xcodeproj */;
			proxyType = 2;
			remoteGlobalIDString = 8AD256131D6DE5F600C7D842;
			remoteInfo = BugsnagReactNative;
		};
		5925969D1F193734006458B5 /* PBXContainerItemProxy */ = {
			isa = PBXContainerItemProxy;
			containerPortal = 146833FF1AC3E56700842450 /* React.xcodeproj */;
			proxyType = 2;
			remoteGlobalIDString = 139D7ECE1E25DB7D00323FB7;
			remoteInfo = "third-party";
		};
		5925969F1F193734006458B5 /* PBXContainerItemProxy */ = {
			isa = PBXContainerItemProxy;
			containerPortal = 146833FF1AC3E56700842450 /* React.xcodeproj */;
			proxyType = 2;
			remoteGlobalIDString = 3D383D3C1EBD27B6005632C8;
			remoteInfo = "third-party-tvOS";
		};
		592596A11F193734006458B5 /* PBXContainerItemProxy */ = {
			isa = PBXContainerItemProxy;
			containerPortal = 146833FF1AC3E56700842450 /* React.xcodeproj */;
			proxyType = 2;
			remoteGlobalIDString = 139D7E881E25C6D100323FB7;
			remoteInfo = "double-conversion";
		};
		592596A31F193734006458B5 /* PBXContainerItemProxy */ = {
			isa = PBXContainerItemProxy;
			containerPortal = 146833FF1AC3E56700842450 /* React.xcodeproj */;
			proxyType = 2;
			remoteGlobalIDString = 3D383D621EBD27B9005632C8;
			remoteInfo = "double-conversion-tvOS";
		};
		5943F8971F2629B500757CBC /* PBXContainerItemProxy */ = {
			isa = PBXContainerItemProxy;
			containerPortal = 5943F8921F2629B500757CBC /* Pods.xcodeproj */;
			proxyType = 2;
			remoteGlobalIDString = 3D796608261BE7EF75B9CA099BE45490;
			remoteInfo = "Pods-ReactNativeAudioStreaming";
		};
		5943F8991F2629B500757CBC /* PBXContainerItemProxy */ = {
			isa = PBXContainerItemProxy;
			containerPortal = 5943F8921F2629B500757CBC /* Pods.xcodeproj */;
			proxyType = 2;
			remoteGlobalIDString = 8354B6B10F10687EE626DF43663B075A;
			remoteInfo = StreamingKit;
		};
		594B04292088E5290083E328 /* PBXContainerItemProxy */ = {
			isa = PBXContainerItemProxy;
			containerPortal = 4DDA9A0D8323400D960AFD54 /* FastImage.xcodeproj */;
			proxyType = 2;
			remoteGlobalIDString = A287971D1DE0C0A60081BDFA;
			remoteInfo = FastImage;
		};
		59557C061F797B8800DB8F79 /* PBXContainerItemProxy */ = {
			isa = PBXContainerItemProxy;
			containerPortal = 4F7151F4BF9F4A3A8CFBB1A7 /* RNVectorIcons.xcodeproj */;
			proxyType = 2;
			remoteGlobalIDString = 5DBEB1501B18CEA900B34395;
			remoteInfo = RNVectorIcons;
		};
		596549B61F68586D002B7306 /* PBXContainerItemProxy */ = {
			isa = PBXContainerItemProxy;
			containerPortal = 579DA610F010411AA1BC8778 /* RNDeviceInfo.xcodeproj */;
			proxyType = 2;
			remoteGlobalIDString = DA5891D81BA9A9FC002B4DB2;
			remoteInfo = RNDeviceInfo;
		};
		597362E41F9E117600BF9F75 /* PBXContainerItemProxy */ = {
			isa = PBXContainerItemProxy;
			containerPortal = 139FDEE61B06529A00C62182 /* RCTWebSocket.xcodeproj */;
			proxyType = 2;
			remoteGlobalIDString = 3DBE0D001F3B181A0099AA32;
			remoteInfo = fishhook;
		};
		597362E61F9E117600BF9F75 /* PBXContainerItemProxy */ = {
			isa = PBXContainerItemProxy;
			containerPortal = 139FDEE61B06529A00C62182 /* RCTWebSocket.xcodeproj */;
			proxyType = 2;
			remoteGlobalIDString = 3DBE0D0D1F3B181C0099AA32;
			remoteInfo = "fishhook-tvOS";
		};
		598196DE1F60422C0016BE67 /* PBXContainerItemProxy */ = {
			isa = PBXContainerItemProxy;
			containerPortal = 25A9BC39394C44A5B89D83CC /* ReactNativeAudioStreaming.xcodeproj */;
			proxyType = 2;
			remoteGlobalIDString = 134814201AA4EA6300B7C361;
			remoteInfo = ReactNativeAudioStreaming;
		};
		59A84B0E204D8A59006B68C9 /* PBXContainerItemProxy */ = {
			isa = PBXContainerItemProxy;
			containerPortal = BAED754259094F56814A86DD /* FastImage.xcodeproj */;
			proxyType = 2;
			remoteGlobalIDString = A287971D1DE0C0A60081BDFA;
			remoteInfo = FastImage;
		};
		59A8D7791F44C744009E9EE3 /* PBXContainerItemProxy */ = {
			isa = PBXContainerItemProxy;
			containerPortal = 7E8BF7B5557D40E28B1D56DF /* RNSound.xcodeproj */;
			proxyType = 2;
			remoteGlobalIDString = 19825A1E1BD4A89800EE0337;
			remoteInfo = RNSound;
		};
		59B999C61F41DC3100A8B0E8 /* PBXContainerItemProxy */ = {
			isa = PBXContainerItemProxy;
			containerPortal = 1CF9B962C2B14FE0B934AF4D /* RNBackgroundTimer.xcodeproj */;
			proxyType = 2;
			remoteGlobalIDString = 134814201AA4EA6300B7C361;
			remoteInfo = RNBackgroundTimer;
		};
		59B999C81F41DC3100A8B0E8 /* PBXContainerItemProxy */ = {
			isa = PBXContainerItemProxy;
			containerPortal = 1CF9B962C2B14FE0B934AF4D /* RNBackgroundTimer.xcodeproj */;
			proxyType = 2;
			remoteGlobalIDString = 641926921ECB4257009CF731;
			remoteInfo = "RNBackgroundTimer-tvOS";
		};
		59B99A321F41DE3900A8B0E8 /* PBXContainerItemProxy */ = {
			isa = PBXContainerItemProxy;
			containerPortal = 27B5C0717DE84E958BF4FB35 /* RNFS.xcodeproj */;
			proxyType = 2;
			remoteGlobalIDString = F12AFB9B1ADAF8F800E0535D;
			remoteInfo = RNFS;
		};
		59B99A341F41DE3900A8B0E8 /* PBXContainerItemProxy */ = {
			isa = PBXContainerItemProxy;
			containerPortal = 27B5C0717DE84E958BF4FB35 /* RNFS.xcodeproj */;
			proxyType = 2;
			remoteGlobalIDString = 6456441F1EB8DA9100672408;
			remoteInfo = "RNFS-tvOS";
		};
		59B99A7A1F41DF0000A8B0E8 /* PBXContainerItemProxy */ = {
			isa = PBXContainerItemProxy;
			containerPortal = A24E7BF07797431B9A757C12 /* RCTGoogleAnalyticsBridge.xcodeproj */;
			proxyType = 2;
			remoteGlobalIDString = A79185C61C30694E001236A6;
			remoteInfo = RCTGoogleAnalyticsBridge;
		};
		59B99AD91F41DFB400A8B0E8 /* PBXContainerItemProxy */ = {
			isa = PBXContainerItemProxy;
			containerPortal = 533D50259ADC44C1B8ED4038 /* BVLinearGradient.xcodeproj */;
			proxyType = 2;
			remoteGlobalIDString = 134814201AA4EA6300B7C361;
			remoteInfo = BVLinearGradient;
		};
		59B99B681F41E0BD00A8B0E8 /* PBXContainerItemProxy */ = {
			isa = PBXContainerItemProxy;
			containerPortal = F6F910E31CEF4302AD27EF81 /* RCTOrientation.xcodeproj */;
			proxyType = 2;
			remoteGlobalIDString = 134814201AA4EA6300B7C361;
			remoteInfo = RCTOrientation;
		};
		59CE42C01FD5B1BC0059B467 /* PBXContainerItemProxy */ = {
			isa = PBXContainerItemProxy;
			containerPortal = 146833FF1AC3E56700842450 /* React.xcodeproj */;
			proxyType = 2;
			remoteGlobalIDString = 9936F3131F5F2E4B0010BF04;
			remoteInfo = privatedata;
		};
		59CE42C21FD5B1BC0059B467 /* PBXContainerItemProxy */ = {
			isa = PBXContainerItemProxy;
			containerPortal = 146833FF1AC3E56700842450 /* React.xcodeproj */;
			proxyType = 2;
			remoteGlobalIDString = 9936F32F1F5F2E5B0010BF04;
			remoteInfo = "privatedata-tvOS";
		};
		59CE42C91FD5B1BC0059B467 /* PBXContainerItemProxy */ = {
			isa = PBXContainerItemProxy;
			containerPortal = 579DA610F010411AA1BC8778 /* RNDeviceInfo.xcodeproj */;
			proxyType = 2;
			remoteGlobalIDString = E72EC1401F7ABB5A0001BC90;
			remoteInfo = "RNDeviceInfo-tvOS";
		};
		59D18E1B2034B94D00634547 /* PBXContainerItemProxy */ = {
			isa = PBXContainerItemProxy;
			containerPortal = 146833FF1AC3E56700842450 /* React.xcodeproj */;
			proxyType = 2;
			remoteGlobalIDString = 2D2A28131D9B038B00D4039D;
			remoteInfo = "React-tvOS";
		};
		59D18E1D2034B94D00634547 /* PBXContainerItemProxy */ = {
			isa = PBXContainerItemProxy;
			containerPortal = 146833FF1AC3E56700842450 /* React.xcodeproj */;
			proxyType = 2;
			remoteGlobalIDString = EBF21BDC1FC498900052F4D5;
			remoteInfo = jsinspector;
		};
		59D18E1F2034B94D00634547 /* PBXContainerItemProxy */ = {
			isa = PBXContainerItemProxy;
			containerPortal = 146833FF1AC3E56700842450 /* React.xcodeproj */;
			proxyType = 2;
			remoteGlobalIDString = EBF21BFA1FC4989A0052F4D5;
			remoteInfo = "jsinspector-tvOS";
		};
		59D18E312034B94E00634547 /* PBXContainerItemProxy */ = {
			isa = PBXContainerItemProxy;
			containerPortal = AB4480EE4C604CAEA0E63B09 /* RNFirebase.xcodeproj */;
			proxyType = 2;
			remoteGlobalIDString = 134814201AA4EA6300B7C361;
			remoteInfo = RNFirebase;
		};
		59FFAE9D1F196886007A02AB /* PBXContainerItemProxy */ = {
			isa = PBXContainerItemProxy;
			containerPortal = B568CF10F5FD4946AFAC7110 /* SplashScreen.xcodeproj */;
			proxyType = 2;
			remoteGlobalIDString = 3D7682761D8E76B80014119E;
			remoteInfo = SplashScreen;
		};
		5E9157321DD0AC6500FF2AA8 /* PBXContainerItemProxy */ = {
			isa = PBXContainerItemProxy;
			containerPortal = 5E91572D1DD0AC6500FF2AA8 /* RCTAnimation.xcodeproj */;
			proxyType = 2;
			remoteGlobalIDString = 134814201AA4EA6300B7C361;
			remoteInfo = RCTAnimation;
		};
		5E9157341DD0AC6500FF2AA8 /* PBXContainerItemProxy */ = {
			isa = PBXContainerItemProxy;
			containerPortal = 5E91572D1DD0AC6500FF2AA8 /* RCTAnimation.xcodeproj */;
			proxyType = 2;
			remoteGlobalIDString = 2D2A28201D9B03D100D4039D;
			remoteInfo = "RCTAnimation-tvOS";
		};
		78C398B81ACF4ADC00677621 /* PBXContainerItemProxy */ = {
			isa = PBXContainerItemProxy;
			containerPortal = 78C398B01ACF4ADC00677621 /* RCTLinking.xcodeproj */;
			proxyType = 2;
			remoteGlobalIDString = 134814201AA4EA6300B7C361;
			remoteInfo = RCTLinking;
		};
		832341B41AAA6A8300B99B32 /* PBXContainerItemProxy */ = {
			isa = PBXContainerItemProxy;
			containerPortal = 832341B01AAA6A8300B99B32 /* RCTText.xcodeproj */;
			proxyType = 2;
			remoteGlobalIDString = 58B5119B1A9E6C1200147676;
			remoteInfo = RCTText;
		};
/* End PBXContainerItemProxy section */

/* Begin PBXCopyFilesBuildPhase section */
		5943F94B1F2BB24200757CBC /* Embed Frameworks */ = {
			isa = PBXCopyFilesBuildPhase;
			buildActionMask = 2147483647;
			dstPath = "";
			dstSubfolderSpec = 10;
			files = (
			);
			name = "Embed Frameworks";
			runOnlyForDeploymentPostprocessing = 0;
		};
/* End PBXCopyFilesBuildPhase section */

/* Begin PBXFileReference section */
		008F07F21AC5B25A0029DE68 /* main.jsbundle */ = {isa = PBXFileReference; fileEncoding = 4; lastKnownFileType = text; path = main.jsbundle; sourceTree = "<group>"; };
		00C302A71ABCB8CE00DB3ED1 /* RCTActionSheet.xcodeproj */ = {isa = PBXFileReference; lastKnownFileType = "wrapper.pb-project"; name = RCTActionSheet.xcodeproj; path = "../node_modules/react-native/Libraries/ActionSheetIOS/RCTActionSheet.xcodeproj"; sourceTree = "<group>"; };
		00C302B51ABCB90400DB3ED1 /* RCTGeolocation.xcodeproj */ = {isa = PBXFileReference; lastKnownFileType = "wrapper.pb-project"; name = RCTGeolocation.xcodeproj; path = "../node_modules/react-native/Libraries/Geolocation/RCTGeolocation.xcodeproj"; sourceTree = "<group>"; };
		00C302BB1ABCB91800DB3ED1 /* RCTImage.xcodeproj */ = {isa = PBXFileReference; lastKnownFileType = "wrapper.pb-project"; name = RCTImage.xcodeproj; path = "../node_modules/react-native/Libraries/Image/RCTImage.xcodeproj"; sourceTree = "<group>"; };
		00C302D31ABCB9D200DB3ED1 /* RCTNetwork.xcodeproj */ = {isa = PBXFileReference; lastKnownFileType = "wrapper.pb-project"; name = RCTNetwork.xcodeproj; path = "../node_modules/react-native/Libraries/Network/RCTNetwork.xcodeproj"; sourceTree = "<group>"; };
		00C302DF1ABCB9EE00DB3ED1 /* RCTVibration.xcodeproj */ = {isa = PBXFileReference; lastKnownFileType = "wrapper.pb-project"; name = RCTVibration.xcodeproj; path = "../node_modules/react-native/Libraries/Vibration/RCTVibration.xcodeproj"; sourceTree = "<group>"; };
		00E356F11AD99517003FC87E /* Info.plist */ = {isa = PBXFileReference; lastKnownFileType = text.plist.xml; path = Info.plist; sourceTree = "<group>"; };
		00E356F21AD99517003FC87E /* VagalumeFMTests.m */ = {isa = PBXFileReference; lastKnownFileType = sourcecode.c.objc; path = VagalumeFMTests.m; sourceTree = "<group>"; };
		02D1F519613E49A28BE7F5D2 /* libSplashScreen.a */ = {isa = PBXFileReference; explicitFileType = undefined; fileEncoding = 9; includeInIndex = 0; lastKnownFileType = archive.ar; path = libSplashScreen.a; sourceTree = "<group>"; };
		054F1FD4A59E4942A6B3984E /* libsqlite3.0.tbd */ = {isa = PBXFileReference; explicitFileType = undefined; fileEncoding = 9; includeInIndex = 0; lastKnownFileType = "sourcecode.text-based-dylib-definition"; name = libsqlite3.0.tbd; path = usr/lib/libsqlite3.0.tbd; sourceTree = SDKROOT; };
		06E6FC3CA20B488EA2E17153 /* libRNFS.a */ = {isa = PBXFileReference; explicitFileType = undefined; fileEncoding = 9; includeInIndex = 0; lastKnownFileType = archive.ar; path = libRNFS.a; sourceTree = "<group>"; };
		07CD39BAB3F94EBFA5FB3FE1 /* libBugsnagReactNative.a */ = {isa = PBXFileReference; explicitFileType = undefined; fileEncoding = 9; includeInIndex = 0; lastKnownFileType = archive.ar; path = libBugsnagReactNative.a; sourceTree = "<group>"; };
		134FB8C4A6DE4359A9D13785 /* libLottieReactNative.a */ = {isa = PBXFileReference; explicitFileType = undefined; fileEncoding = 9; includeInIndex = 0; lastKnownFileType = archive.ar; path = libLottieReactNative.a; sourceTree = "<group>"; };
		139105B61AF99BAD00B5F7CC /* RCTSettings.xcodeproj */ = {isa = PBXFileReference; lastKnownFileType = "wrapper.pb-project"; name = RCTSettings.xcodeproj; path = "../node_modules/react-native/Libraries/Settings/RCTSettings.xcodeproj"; sourceTree = "<group>"; };
		139FDEE61B06529A00C62182 /* RCTWebSocket.xcodeproj */ = {isa = PBXFileReference; lastKnownFileType = "wrapper.pb-project"; name = RCTWebSocket.xcodeproj; path = "../node_modules/react-native/Libraries/WebSocket/RCTWebSocket.xcodeproj"; sourceTree = "<group>"; };
		13B07F961A680F5B00A75B9A /* VagalumeFM.app */ = {isa = PBXFileReference; explicitFileType = wrapper.application; includeInIndex = 0; path = VagalumeFM.app; sourceTree = BUILT_PRODUCTS_DIR; };
		13B07FAF1A68108700A75B9A /* AppDelegate.h */ = {isa = PBXFileReference; fileEncoding = 4; lastKnownFileType = sourcecode.c.h; name = AppDelegate.h; path = VagalumeFM/AppDelegate.h; sourceTree = "<group>"; };
		13B07FB01A68108700A75B9A /* AppDelegate.m */ = {isa = PBXFileReference; fileEncoding = 4; lastKnownFileType = sourcecode.c.objc; name = AppDelegate.m; path = VagalumeFM/AppDelegate.m; sourceTree = "<group>"; };
		13B07FB51A68108700A75B9A /* Images.xcassets */ = {isa = PBXFileReference; lastKnownFileType = folder.assetcatalog; name = Images.xcassets; path = VagalumeFM/Images.xcassets; sourceTree = "<group>"; };
		13B07FB61A68108700A75B9A /* Info.plist */ = {isa = PBXFileReference; fileEncoding = 4; lastKnownFileType = text.plist.xml; name = Info.plist; path = VagalumeFM/Info.plist; sourceTree = "<group>"; };
		13B07FB71A68108700A75B9A /* main.m */ = {isa = PBXFileReference; fileEncoding = 4; lastKnownFileType = sourcecode.c.objc; name = main.m; path = VagalumeFM/main.m; sourceTree = "<group>"; };
		146833FF1AC3E56700842450 /* React.xcodeproj */ = {isa = PBXFileReference; lastKnownFileType = "wrapper.pb-project"; name = React.xcodeproj; path = "../node_modules/react-native/React/React.xcodeproj"; sourceTree = "<group>"; };
		1C0CBFE3072B4779A3B76EB7 /* libLottie.a */ = {isa = PBXFileReference; explicitFileType = undefined; fileEncoding = 9; includeInIndex = 0; lastKnownFileType = archive.ar; path = libLottie.a; sourceTree = "<group>"; };
		1CF9B962C2B14FE0B934AF4D /* RNBackgroundTimer.xcodeproj */ = {isa = PBXFileReference; explicitFileType = undefined; fileEncoding = 9; includeInIndex = 0; lastKnownFileType = "wrapper.pb-project"; name = RNBackgroundTimer.xcodeproj; path = "../node_modules/react-native-background-timer/ios/RNBackgroundTimer.xcodeproj"; sourceTree = "<group>"; };
		21F069CA746E4A288625D04F /* Zocial.ttf */ = {isa = PBXFileReference; explicitFileType = undefined; fileEncoding = 9; includeInIndex = 0; lastKnownFileType = unknown; name = Zocial.ttf; path = "../node_modules/react-native-vector-icons/Fonts/Zocial.ttf"; sourceTree = "<group>"; };
		25A9BC39394C44A5B89D83CC /* ReactNativeAudioStreaming.xcodeproj */ = {isa = PBXFileReference; explicitFileType = undefined; fileEncoding = 9; includeInIndex = 0; lastKnownFileType = "wrapper.pb-project"; name = ReactNativeAudioStreaming.xcodeproj; path = "../node_modules/react-native-audio-streaming/ios/ReactNativeAudioStreaming.xcodeproj"; sourceTree = "<group>"; };
		27B5C0717DE84E958BF4FB35 /* RNFS.xcodeproj */ = {isa = PBXFileReference; explicitFileType = undefined; fileEncoding = 9; includeInIndex = 0; lastKnownFileType = "wrapper.pb-project"; name = RNFS.xcodeproj; path = "../node_modules/react-native-fs/RNFS.xcodeproj"; sourceTree = "<group>"; };
		28BC0666508D4AC2BCE4C5D1 /* BugsnagReactNative.xcodeproj */ = {isa = PBXFileReference; explicitFileType = undefined; fileEncoding = 9; includeInIndex = 0; lastKnownFileType = "wrapper.pb-project"; name = BugsnagReactNative.xcodeproj; path = "../node_modules/bugsnag-react-native/cocoa/BugsnagReactNative.xcodeproj"; sourceTree = "<group>"; };
		2946070735C68DFFC1088BC7 /* libPods-VagalumeFM.a */ = {isa = PBXFileReference; explicitFileType = archive.ar; includeInIndex = 0; path = "libPods-VagalumeFM.a"; sourceTree = BUILT_PRODUCTS_DIR; };
		2A81F6427D554D0A981E7D45 /* MaterialIcons.ttf */ = {isa = PBXFileReference; explicitFileType = undefined; fileEncoding = 9; includeInIndex = 0; lastKnownFileType = unknown; name = MaterialIcons.ttf; path = "../node_modules/react-native-vector-icons/Fonts/MaterialIcons.ttf"; sourceTree = "<group>"; };
		366697FD926446CCA203C70B /* Feather.ttf */ = {isa = PBXFileReference; explicitFileType = undefined; fileEncoding = 9; includeInIndex = 0; lastKnownFileType = unknown; name = Feather.ttf; path = "../node_modules/react-native-vector-icons/Fonts/Feather.ttf"; sourceTree = "<group>"; };
		47B20E8745931D40DECADACD /* Pods-VagalumeFM.release.xcconfig */ = {isa = PBXFileReference; includeInIndex = 1; lastKnownFileType = text.xcconfig; name = "Pods-VagalumeFM.release.xcconfig"; path = "Pods/Target Support Files/Pods-VagalumeFM/Pods-VagalumeFM.release.xcconfig"; sourceTree = "<group>"; };
		4DDA9A0D8323400D960AFD54 /* FastImage.xcodeproj */ = {isa = PBXFileReference; explicitFileType = undefined; fileEncoding = 9; includeInIndex = 0; lastKnownFileType = "wrapper.pb-project"; name = FastImage.xcodeproj; path = "../node_modules/react-native-fast-image/ios/FastImage.xcodeproj"; sourceTree = "<group>"; };
		4F7151F4BF9F4A3A8CFBB1A7 /* RNVectorIcons.xcodeproj */ = {isa = PBXFileReference; explicitFileType = undefined; fileEncoding = 9; includeInIndex = 0; lastKnownFileType = "wrapper.pb-project"; name = RNVectorIcons.xcodeproj; path = "../node_modules/react-native-vector-icons/RNVectorIcons.xcodeproj"; sourceTree = "<group>"; };
		533D50259ADC44C1B8ED4038 /* BVLinearGradient.xcodeproj */ = {isa = PBXFileReference; explicitFileType = undefined; fileEncoding = 9; includeInIndex = 0; lastKnownFileType = "wrapper.pb-project"; name = BVLinearGradient.xcodeproj; path = "../node_modules/react-native-linear-gradient/BVLinearGradient.xcodeproj"; sourceTree = "<group>"; };
		57208054B60642B99DD7DB63 /* SimpleLineIcons.ttf */ = {isa = PBXFileReference; explicitFileType = undefined; fileEncoding = 9; includeInIndex = 0; lastKnownFileType = unknown; name = SimpleLineIcons.ttf; path = "../node_modules/react-native-vector-icons/Fonts/SimpleLineIcons.ttf"; sourceTree = "<group>"; };
		579DA610F010411AA1BC8778 /* RNDeviceInfo.xcodeproj */ = {isa = PBXFileReference; explicitFileType = undefined; fileEncoding = 9; includeInIndex = 0; lastKnownFileType = "wrapper.pb-project"; name = RNDeviceInfo.xcodeproj; path = "../node_modules/react-native-device-info/RNDeviceInfo.xcodeproj"; sourceTree = "<group>"; };
		590FB93A1FA39B1B006BF7C5 /* vagalumeFM_icons.ttf */ = {isa = PBXFileReference; lastKnownFileType = file; name = vagalumeFM_icons.ttf; path = ../assets/fonts/vagalumeFM_icons.ttf; sourceTree = "<group>"; };
		59233FD11F58642C00DC34B5 /* RCTPushNotification.xcodeproj */ = {isa = PBXFileReference; lastKnownFileType = "wrapper.pb-project"; name = RCTPushNotification.xcodeproj; path = "../node_modules/react-native/Libraries/PushNotificationIOS/RCTPushNotification.xcodeproj"; sourceTree = "<group>"; };
		5943F88C1F2628DF00757CBC /* AVPlayerManager.h */ = {isa = PBXFileReference; fileEncoding = 4; lastKnownFileType = sourcecode.c.h; name = AVPlayerManager.h; path = "../react-native-avplayer/ios/RCTAVPlayer/AVPlayerManager.h"; sourceTree = "<group>"; };
		5943F88D1F2628DF00757CBC /* AVPlayerManager.m */ = {isa = PBXFileReference; fileEncoding = 4; lastKnownFileType = sourcecode.c.objc; name = AVPlayerManager.m; path = "../react-native-avplayer/ios/RCTAVPlayer/AVPlayerManager.m"; sourceTree = "<group>"; };
		5943F88F1F2628FD00757CBC /* MediaControlsManager.h */ = {isa = PBXFileReference; fileEncoding = 4; lastKnownFileType = sourcecode.c.h; name = MediaControlsManager.h; path = "../react-native-media-controls-ios/ios/RCTMediaControls/MediaControlsManager.h"; sourceTree = "<group>"; };
		5943F8901F2628FD00757CBC /* MediaControlsManager.m */ = {isa = PBXFileReference; fileEncoding = 4; lastKnownFileType = sourcecode.c.objc; name = MediaControlsManager.m; path = "../react-native-media-controls-ios/ios/RCTMediaControls/MediaControlsManager.m"; sourceTree = "<group>"; };
		5943F8921F2629B500757CBC /* Pods.xcodeproj */ = {isa = PBXFileReference; lastKnownFileType = "wrapper.pb-project"; name = Pods.xcodeproj; path = "../node_modules/react-native-audio-streaming/ios/Pods/Pods.xcodeproj"; sourceTree = "<group>"; };
		5965496A1F673309002B7306 /* GoogleService-Info.plist */ = {isa = PBXFileReference; fileEncoding = 4; lastKnownFileType = text.plist.xml; name = "GoogleService-Info.plist"; path = "VagalumeFM/GoogleService-Info.plist"; sourceTree = "<group>"; };
		59FFADDB1F196434007A02AB /* VagalumeFM.entitlements */ = {isa = PBXFileReference; lastKnownFileType = text.plist.entitlements; name = VagalumeFM.entitlements; path = VagalumeFM/VagalumeFM.entitlements; sourceTree = "<group>"; };
		5E604D95D0DC438A94BE9281 /* MaterialCommunityIcons.ttf */ = {isa = PBXFileReference; explicitFileType = undefined; fileEncoding = 9; includeInIndex = 0; lastKnownFileType = unknown; name = MaterialCommunityIcons.ttf; path = "../node_modules/react-native-vector-icons/Fonts/MaterialCommunityIcons.ttf"; sourceTree = "<group>"; };
		5E91572D1DD0AC6500FF2AA8 /* RCTAnimation.xcodeproj */ = {isa = PBXFileReference; lastKnownFileType = "wrapper.pb-project"; name = RCTAnimation.xcodeproj; path = "../node_modules/react-native/Libraries/NativeAnimation/RCTAnimation.xcodeproj"; sourceTree = "<group>"; };
		5EC725CD61F446C8BE1EF2A0 /* libBVLinearGradient.a */ = {isa = PBXFileReference; explicitFileType = undefined; fileEncoding = 9; includeInIndex = 0; lastKnownFileType = archive.ar; path = libBVLinearGradient.a; sourceTree = "<group>"; };
		6128CD5F1E414515B112179B /* libRNFirebase.a */ = {isa = PBXFileReference; explicitFileType = undefined; fileEncoding = 9; includeInIndex = 0; lastKnownFileType = archive.ar; path = libRNFirebase.a; sourceTree = "<group>"; };
		6478F58305484BF28694D0D8 /* libz.tbd */ = {isa = PBXFileReference; explicitFileType = undefined; fileEncoding = 9; includeInIndex = 0; lastKnownFileType = "sourcecode.text-based-dylib-definition"; name = libz.tbd; path = usr/lib/libz.tbd; sourceTree = SDKROOT; };
		70F4B147647541A8BA78D846 /* libRNSound.a */ = {isa = PBXFileReference; explicitFileType = undefined; fileEncoding = 9; includeInIndex = 0; lastKnownFileType = archive.ar; path = libRNSound.a; sourceTree = "<group>"; };
		715403F2D989EB755D38B982 /* Pods-VagalumeFM.debug.xcconfig */ = {isa = PBXFileReference; includeInIndex = 1; lastKnownFileType = text.xcconfig; name = "Pods-VagalumeFM.debug.xcconfig"; path = "Pods/Target Support Files/Pods-VagalumeFM/Pods-VagalumeFM.debug.xcconfig"; sourceTree = "<group>"; };
		78C398B01ACF4ADC00677621 /* RCTLinking.xcodeproj */ = {isa = PBXFileReference; lastKnownFileType = "wrapper.pb-project"; name = RCTLinking.xcodeproj; path = "../node_modules/react-native/Libraries/LinkingIOS/RCTLinking.xcodeproj"; sourceTree = "<group>"; };
		7B6D6997DFA64F0DB46B9B4B /* libRCTOrientation.a */ = {isa = PBXFileReference; explicitFileType = undefined; fileEncoding = 9; includeInIndex = 0; lastKnownFileType = archive.ar; path = libRCTOrientation.a; sourceTree = "<group>"; };
		7D5B338B22814FCDB1CFAA7B /* FontAwesome.ttf */ = {isa = PBXFileReference; explicitFileType = undefined; fileEncoding = 9; includeInIndex = 0; lastKnownFileType = unknown; name = FontAwesome.ttf; path = "../node_modules/react-native-vector-icons/Fonts/FontAwesome.ttf"; sourceTree = "<group>"; };
		7E8BF7B5557D40E28B1D56DF /* RNSound.xcodeproj */ = {isa = PBXFileReference; explicitFileType = undefined; fileEncoding = 9; includeInIndex = 0; lastKnownFileType = "wrapper.pb-project"; name = RNSound.xcodeproj; path = "../node_modules/react-native-sound/RNSound.xcodeproj"; sourceTree = "<group>"; };
		832341B01AAA6A8300B99B32 /* RCTText.xcodeproj */ = {isa = PBXFileReference; lastKnownFileType = "wrapper.pb-project"; name = RCTText.xcodeproj; path = "../node_modules/react-native/Libraries/Text/RCTText.xcodeproj"; sourceTree = "<group>"; };
		86FC0A43A54A4644A69CD252 /* EvilIcons.ttf */ = {isa = PBXFileReference; explicitFileType = undefined; fileEncoding = 9; includeInIndex = 0; lastKnownFileType = unknown; name = EvilIcons.ttf; path = "../node_modules/react-native-vector-icons/Fonts/EvilIcons.ttf"; sourceTree = "<group>"; };
		89A6137D2A0348788DD17418 /* Entypo.ttf */ = {isa = PBXFileReference; explicitFileType = undefined; fileEncoding = 9; includeInIndex = 0; lastKnownFileType = unknown; name = Entypo.ttf; path = "../node_modules/react-native-vector-icons/Fonts/Entypo.ttf"; sourceTree = "<group>"; };
		902C071E005142BF9E5417C3 /* Octicons.ttf */ = {isa = PBXFileReference; explicitFileType = undefined; fileEncoding = 9; includeInIndex = 0; lastKnownFileType = unknown; name = Octicons.ttf; path = "../node_modules/react-native-vector-icons/Fonts/Octicons.ttf"; sourceTree = "<group>"; };
		95309EFA5F264EFF9402C280 /* CoreData.framework */ = {isa = PBXFileReference; explicitFileType = undefined; fileEncoding = 9; includeInIndex = 0; lastKnownFileType = wrapper.framework; name = CoreData.framework; path = System/Library/Frameworks/CoreData.framework; sourceTree = SDKROOT; };
		964CDAE372B2461CB5AA5569 /* rubik.ttf */ = {isa = PBXFileReference; explicitFileType = undefined; fileEncoding = 9; includeInIndex = 0; lastKnownFileType = unknown; name = rubik.ttf; path = ../assets/fonts/rubik.ttf; sourceTree = "<group>"; };
		A24E7BF07797431B9A757C12 /* RCTGoogleAnalyticsBridge.xcodeproj */ = {isa = PBXFileReference; explicitFileType = undefined; fileEncoding = 9; includeInIndex = 0; lastKnownFileType = "wrapper.pb-project"; name = RCTGoogleAnalyticsBridge.xcodeproj; path = "../node_modules/react-native-google-analytics-bridge/ios/RCTGoogleAnalyticsBridge/RCTGoogleAnalyticsBridge.xcodeproj"; sourceTree = "<group>"; };
		A878D297C0974DEB9BCAC6A9 /* libRNDeviceInfo.a */ = {isa = PBXFileReference; explicitFileType = undefined; fileEncoding = 9; includeInIndex = 0; lastKnownFileType = archive.ar; path = libRNDeviceInfo.a; sourceTree = "<group>"; };
		AB4480EE4C604CAEA0E63B09 /* RNFirebase.xcodeproj */ = {isa = PBXFileReference; explicitFileType = undefined; fileEncoding = 9; includeInIndex = 0; lastKnownFileType = "wrapper.pb-project"; name = RNFirebase.xcodeproj; path = "../node_modules/react-native-firebase/ios/RNFirebase.xcodeproj"; sourceTree = "<group>"; };
		AF1F4024E48C47E180C8B0F4 /* SystemConfiguration.framework */ = {isa = PBXFileReference; explicitFileType = undefined; fileEncoding = 9; includeInIndex = 0; lastKnownFileType = wrapper.framework; name = SystemConfiguration.framework; path = System/Library/Frameworks/SystemConfiguration.framework; sourceTree = SDKROOT; };
		B568CF10F5FD4946AFAC7110 /* SplashScreen.xcodeproj */ = {isa = PBXFileReference; explicitFileType = undefined; fileEncoding = 9; includeInIndex = 0; lastKnownFileType = "wrapper.pb-project"; name = SplashScreen.xcodeproj; path = "../node_modules/react-native-splash-screen/ios/SplashScreen.xcodeproj"; sourceTree = "<group>"; };
		B65C7477CA9B4ED7A676CFE3 /* Ionicons.ttf */ = {isa = PBXFileReference; explicitFileType = undefined; fileEncoding = 9; includeInIndex = 0; lastKnownFileType = unknown; name = Ionicons.ttf; path = "../node_modules/react-native-vector-icons/Fonts/Ionicons.ttf"; sourceTree = "<group>"; };
		BAED754259094F56814A86DD /* FastImage.xcodeproj */ = {isa = PBXFileReference; explicitFileType = undefined; fileEncoding = 9; includeInIndex = 0; lastKnownFileType = "wrapper.pb-project"; name = FastImage.xcodeproj; path = "../node_modules/react-native-fast-image/ios/FastImage.xcodeproj"; sourceTree = "<group>"; };
		C0C8C63FDCB74CC7813EA4E1 /* Foundation.ttf */ = {isa = PBXFileReference; explicitFileType = undefined; fileEncoding = 9; includeInIndex = 0; lastKnownFileType = unknown; name = Foundation.ttf; path = "../node_modules/react-native-vector-icons/Fonts/Foundation.ttf"; sourceTree = "<group>"; };
		C3FCBB8ACB4C470AA7B5C9B6 /* rubik_light.ttf */ = {isa = PBXFileReference; explicitFileType = undefined; fileEncoding = 9; includeInIndex = 0; lastKnownFileType = unknown; name = rubik_light.ttf; path = ../assets/fonts/rubik_light.ttf; sourceTree = "<group>"; };
		D82975E7E52D41C3A0665470 /* libFastImage.a */ = {isa = PBXFileReference; explicitFileType = undefined; fileEncoding = 9; includeInIndex = 0; lastKnownFileType = archive.ar; path = libFastImage.a; sourceTree = "<group>"; };
		DEBDDDC1A87A4266916BE2E5 /* libRNVectorIcons.a */ = {isa = PBXFileReference; explicitFileType = undefined; fileEncoding = 9; includeInIndex = 0; lastKnownFileType = archive.ar; path = libRNVectorIcons.a; sourceTree = "<group>"; };
		E29C610A3FDC47DDB6BECCB3 /* rubik_bold.ttf */ = {isa = PBXFileReference; explicitFileType = undefined; fileEncoding = 9; includeInIndex = 0; lastKnownFileType = unknown; name = rubik_bold.ttf; path = ../assets/fonts/rubik_bold.ttf; sourceTree = "<group>"; };
		E8C7A95EA74047ACA517630C /* libRCTGoogleAnalyticsBridge.a */ = {isa = PBXFileReference; explicitFileType = undefined; fileEncoding = 9; includeInIndex = 0; lastKnownFileType = archive.ar; path = libRCTGoogleAnalyticsBridge.a; sourceTree = "<group>"; };
		E93A1CE518D44CA1899F4B71 /* libReactNativeAudioStreaming.a */ = {isa = PBXFileReference; explicitFileType = undefined; fileEncoding = 9; includeInIndex = 0; lastKnownFileType = archive.ar; path = libReactNativeAudioStreaming.a; sourceTree = "<group>"; };
		F6F910E31CEF4302AD27EF81 /* RCTOrientation.xcodeproj */ = {isa = PBXFileReference; explicitFileType = undefined; fileEncoding = 9; includeInIndex = 0; lastKnownFileType = "wrapper.pb-project"; name = RCTOrientation.xcodeproj; path = "../node_modules/react-native-orientation/iOS/RCTOrientation.xcodeproj"; sourceTree = "<group>"; };
		FAA2162922AE4121B94F194A /* libRNBackgroundTimer.a */ = {isa = PBXFileReference; explicitFileType = undefined; fileEncoding = 9; includeInIndex = 0; lastKnownFileType = archive.ar; path = libRNBackgroundTimer.a; sourceTree = "<group>"; };
		FB80B7E5F5C3440490B369C8 /* rubik_medium.ttf */ = {isa = PBXFileReference; explicitFileType = undefined; fileEncoding = 9; includeInIndex = 0; lastKnownFileType = unknown; name = rubik_medium.ttf; path = ../assets/fonts/rubik_medium.ttf; sourceTree = "<group>"; };
/* End PBXFileReference section */

/* Begin PBXFrameworksBuildPhase section */
		13B07F8C1A680F5B00A75B9A /* Frameworks */ = {
			isa = PBXFrameworksBuildPhase;
			buildActionMask = 2147483647;
			files = (
				59233FDA1F58644800DC34B5 /* libRCTPushNotification.a in Frameworks */,
				5943F89D1F262C7B00757CBC /* libStreamingKit.a in Frameworks */,
				146834051AC3E58100842450 /* libReact.a in Frameworks */,
				5E9157361DD0AC6A00FF2AA8 /* libRCTAnimation.a in Frameworks */,
				00C302E51ABCBA2D00DB3ED1 /* libRCTActionSheet.a in Frameworks */,
				00C302E71ABCBA2D00DB3ED1 /* libRCTGeolocation.a in Frameworks */,
				00C302E81ABCBA2D00DB3ED1 /* libRCTImage.a in Frameworks */,
				133E29F31AD74F7200F7D852 /* libRCTLinking.a in Frameworks */,
				00C302E91ABCBA2D00DB3ED1 /* libRCTNetwork.a in Frameworks */,
				139105C61AF99C1200B5F7CC /* libRCTSettings.a in Frameworks */,
				832341BD1AAA6AB300B99B32 /* libRCTText.a in Frameworks */,
				00C302EA1ABCBA2D00DB3ED1 /* libRCTVibration.a in Frameworks */,
				139FDEF61B0652A700C62182 /* libRCTWebSocket.a in Frameworks */,
				4129D53B124E47AFBCF16E5F /* libBugsnagReactNative.a in Frameworks */,
				AC8F54466D09412DB11CC222 /* libz.tbd in Frameworks */,
				15DA822DC03E48AEA3D75242 /* libSplashScreen.a in Frameworks */,
				AFB2458161414A8C96D623E3 /* libRNBackgroundTimer.a in Frameworks */,
				8BC2846DE6E04CB58527D24D /* libRNFS.a in Frameworks */,
				AE93EB76136349E08D7D3675 /* libRCTGoogleAnalyticsBridge.a in Frameworks */,
				C80EEDA69DDB41B1BECFB4F6 /* CoreData.framework in Frameworks */,
				5316B1937A534297A8232F7A /* SystemConfiguration.framework in Frameworks */,
				94999AB36788444C94E2C92A /* libsqlite3.0.tbd in Frameworks */,
				4D85CDBAA24242809B98B166 /* libBVLinearGradient.a in Frameworks */,
				D847040F4B7F476896D8C27F /* libRCTOrientation.a in Frameworks */,
				2F39715396064AF091A714CD /* libRNSound.a in Frameworks */,
				EAAA115DF1A936BCCEB0AA80 /* libPods-VagalumeFM.a in Frameworks */,
				431A1D33C01041AF8779E444 /* libReactNativeAudioStreaming.a in Frameworks */,
				D77A14A60CC24D029B1D37E0 /* libRNDeviceInfo.a in Frameworks */,
				74753C104341478DA6A01756 /* libRNVectorIcons.a in Frameworks */,
				930D6600609040CA9159541E /* libRNFirebase.a in Frameworks */,
				9E94013225AD4FAD9DE33A65 /* libFastImage.a in Frameworks */,
			);
			runOnlyForDeploymentPostprocessing = 0;
		};
/* End PBXFrameworksBuildPhase section */

/* Begin PBXGroup section */
		00C302A81ABCB8CE00DB3ED1 /* Products */ = {
			isa = PBXGroup;
			children = (
				00C302AC1ABCB8CE00DB3ED1 /* libRCTActionSheet.a */,
			);
			name = Products;
			sourceTree = "<group>";
		};
		00C302B61ABCB90400DB3ED1 /* Products */ = {
			isa = PBXGroup;
			children = (
				00C302BA1ABCB90400DB3ED1 /* libRCTGeolocation.a */,
			);
			name = Products;
			sourceTree = "<group>";
		};
		00C302BC1ABCB91800DB3ED1 /* Products */ = {
			isa = PBXGroup;
			children = (
				00C302C01ABCB91800DB3ED1 /* libRCTImage.a */,
				3DAD3E841DF850E9000B6D8A /* libRCTImage-tvOS.a */,
			);
			name = Products;
			sourceTree = "<group>";
		};
		00C302D41ABCB9D200DB3ED1 /* Products */ = {
			isa = PBXGroup;
			children = (
				00C302DC1ABCB9D200DB3ED1 /* libRCTNetwork.a */,
				3DAD3E8C1DF850E9000B6D8A /* libRCTNetwork-tvOS.a */,
			);
			name = Products;
			sourceTree = "<group>";
		};
		00C302E01ABCB9EE00DB3ED1 /* Products */ = {
			isa = PBXGroup;
			children = (
				00C302E41ABCB9EE00DB3ED1 /* libRCTVibration.a */,
			);
			name = Products;
			sourceTree = "<group>";
		};
		00E356EF1AD99517003FC87E /* VagalumeFMTests */ = {
			isa = PBXGroup;
			children = (
				00E356F21AD99517003FC87E /* VagalumeFMTests.m */,
				00E356F01AD99517003FC87E /* Supporting Files */,
			);
			path = VagalumeFMTests;
			sourceTree = "<group>";
		};
		00E356F01AD99517003FC87E /* Supporting Files */ = {
			isa = PBXGroup;
			children = (
				00E356F11AD99517003FC87E /* Info.plist */,
			);
			name = "Supporting Files";
			sourceTree = "<group>";
		};
		139105B71AF99BAD00B5F7CC /* Products */ = {
			isa = PBXGroup;
			children = (
				139105C11AF99BAD00B5F7CC /* libRCTSettings.a */,
				3DAD3E901DF850E9000B6D8A /* libRCTSettings-tvOS.a */,
			);
			name = Products;
			sourceTree = "<group>";
		};
		139FDEE71B06529A00C62182 /* Products */ = {
			isa = PBXGroup;
			children = (
				139FDEF41B06529B00C62182 /* libRCTWebSocket.a */,
				3DAD3E991DF850E9000B6D8A /* libRCTWebSocket-tvOS.a */,
				597362E51F9E117600BF9F75 /* libfishhook.a */,
				597362E71F9E117600BF9F75 /* libfishhook-tvOS.a */,
			);
			name = Products;
			sourceTree = "<group>";
		};
		13B07FAE1A68108700A75B9A /* VagalumeFM */ = {
			isa = PBXGroup;
			children = (
				5965496A1F673309002B7306 /* GoogleService-Info.plist */,
				59FFADDB1F196434007A02AB /* VagalumeFM.entitlements */,
				008F07F21AC5B25A0029DE68 /* main.jsbundle */,
				13B07FAF1A68108700A75B9A /* AppDelegate.h */,
				13B07FB01A68108700A75B9A /* AppDelegate.m */,
				13B07FB51A68108700A75B9A /* Images.xcassets */,
				13B07FB61A68108700A75B9A /* Info.plist */,
				13B07FB71A68108700A75B9A /* main.m */,
			);
			name = VagalumeFM;
			sourceTree = "<group>";
		};
		146834001AC3E56700842450 /* Products */ = {
			isa = PBXGroup;
			children = (
				146834041AC3E56700842450 /* libReact.a */,
				59D18E1C2034B94D00634547 /* libReact.a */,
				3DAD3EA51DF850E9000B6D8A /* libyoga.a */,
				3DAD3EA71DF850E9000B6D8A /* libyoga.a */,
				3DAD3EA91DF850E9000B6D8A /* libcxxreact.a */,
				3DAD3EAB1DF850E9000B6D8A /* libcxxreact.a */,
				3DAD3EAD1DF850E9000B6D8A /* libjschelpers.a */,
				3DAD3EAF1DF850E9000B6D8A /* libjschelpers.a */,
				59D18E1E2034B94D00634547 /* libjsinspector.a */,
				59D18E202034B94D00634547 /* libjsinspector-tvOS.a */,
				5925969E1F193734006458B5 /* libthird-party.a */,
				592596A01F193734006458B5 /* libthird-party.a */,
				592596A21F193734006458B5 /* libdouble-conversion.a */,
				592596A41F193734006458B5 /* libdouble-conversion.a */,
				59CE42C11FD5B1BC0059B467 /* libprivatedata.a */,
				59CE42C31FD5B1BC0059B467 /* libprivatedata-tvOS.a */,
			);
			name = Products;
			sourceTree = "<group>";
		};
		59233FD21F58642C00DC34B5 /* Products */ = {
			isa = PBXGroup;
			children = (
				59233FD71F58642C00DC34B5 /* libRCTPushNotification.a */,
				59233FD91F58642C00DC34B5 /* libRCTPushNotification-tvOS.a */,
			);
			name = Products;
			sourceTree = "<group>";
		};
		5925967B1F193734006458B5 /* Products */ = {
			isa = PBXGroup;
			children = (
				5925967F1F193734006458B5 /* libBugsnagReactNative.a */,
			);
			name = Products;
			sourceTree = "<group>";
		};
		5943F8931F2629B500757CBC /* Products */ = {
			isa = PBXGroup;
			children = (
				5943F8981F2629B500757CBC /* libPods-ReactNativeAudioStreaming.a */,
				5943F89A1F2629B500757CBC /* libStreamingKit.a */,
			);
			name = Products;
			sourceTree = "<group>";
		};
		594B04222088E5290083E328 /* Products */ = {
			isa = PBXGroup;
			children = (
				594B042A2088E5290083E328 /* libFastImage.a */,
			);
			name = Products;
			sourceTree = "<group>";
		};
		59557BD21F797B8800DB8F79 /* Products */ = {
			isa = PBXGroup;
			children = (
				59557C071F797B8800DB8F79 /* libRNVectorIcons.a */,
			);
			name = Products;
			sourceTree = "<group>";
		};
		596549871F68586C002B7306 /* Products */ = {
			isa = PBXGroup;
			children = (
				596549B71F68586D002B7306 /* libRNDeviceInfo.a */,
				59CE42CA1FD5B1BC0059B467 /* libRNDeviceInfo-tvOS.a */,
			);
			name = Products;
			sourceTree = "<group>";
		};
		598196B21F60422B0016BE67 /* Products */ = {
			isa = PBXGroup;
			children = (
				598196DF1F60422C0016BE67 /* libReactNativeAudioStreaming.a */,
			);
			name = Products;
			sourceTree = "<group>";
		};
		5986F09F1FB6238B006E78A8 /* Recovered References */ = {
			isa = PBXGroup;
			children = (
				07CD39BAB3F94EBFA5FB3FE1 /* libBugsnagReactNative.a */,
				02D1F519613E49A28BE7F5D2 /* libSplashScreen.a */,
				1C0CBFE3072B4779A3B76EB7 /* libLottie.a */,
				134FB8C4A6DE4359A9D13785 /* libLottieReactNative.a */,
				FAA2162922AE4121B94F194A /* libRNBackgroundTimer.a */,
				06E6FC3CA20B488EA2E17153 /* libRNFS.a */,
				E8C7A95EA74047ACA517630C /* libRCTGoogleAnalyticsBridge.a */,
				5EC725CD61F446C8BE1EF2A0 /* libBVLinearGradient.a */,
				7B6D6997DFA64F0DB46B9B4B /* libRCTOrientation.a */,
				70F4B147647541A8BA78D846 /* libRNSound.a */,
				E93A1CE518D44CA1899F4B71 /* libReactNativeAudioStreaming.a */,
				A878D297C0974DEB9BCAC6A9 /* libRNDeviceInfo.a */,
				DEBDDDC1A87A4266916BE2E5 /* libRNVectorIcons.a */,
				6128CD5F1E414515B112179B /* libRNFirebase.a */,
				D82975E7E52D41C3A0665470 /* libFastImage.a */,
			);
			name = "Recovered References";
			sourceTree = "<group>";
		};
		59A84B0B204D8A59006B68C9 /* Products */ = {
			isa = PBXGroup;
			children = (
				59A84B0F204D8A59006B68C9 /* libFastImage.a */,
			);
			name = Products;
			sourceTree = "<group>";
		};
		59A8D74A1F44C743009E9EE3 /* Products */ = {
			isa = PBXGroup;
			children = (
				59A8D77A1F44C744009E9EE3 /* libRNSound.a */,
			);
			name = Products;
			sourceTree = "<group>";
		};
		59B9999C1F41DC3100A8B0E8 /* Products */ = {
			isa = PBXGroup;
			children = (
				59B999C71F41DC3100A8B0E8 /* libRNBackgroundTimer.a */,
				59B999C91F41DC3100A8B0E8 /* libRNBackgroundTimer.a */,
			);
			name = Products;
			sourceTree = "<group>";
		};
		59B99A051F41DE3800A8B0E8 /* Products */ = {
			isa = PBXGroup;
			children = (
				59B99A331F41DE3900A8B0E8 /* libRNFS.a */,
				59B99A351F41DE3900A8B0E8 /* libRNFS.a */,
			);
			name = Products;
			sourceTree = "<group>";
		};
		59B99A6E1F41DEFF00A8B0E8 /* Products */ = {
			isa = PBXGroup;
			children = (
				59B99A7B1F41DF0000A8B0E8 /* libRCTGoogleAnalyticsBridge.a */,
			);
			name = Products;
			sourceTree = "<group>";
		};
		59B99AD51F41DFB300A8B0E8 /* Products */ = {
			isa = PBXGroup;
			children = (
				59B99ADA1F41DFB400A8B0E8 /* libBVLinearGradient.a */,
				59233EF81F57081E00DC34B5 /* libBVLinearGradient.a */,
			);
			name = Products;
			sourceTree = "<group>";
		};
		59B99B551F41E0BD00A8B0E8 /* Products */ = {
			isa = PBXGroup;
			children = (
				59B99B691F41E0BD00A8B0E8 /* libRCTOrientation.a */,
			);
			name = Products;
			sourceTree = "<group>";
		};
		59D18E2E2034B94E00634547 /* Products */ = {
			isa = PBXGroup;
			children = (
				59D18E322034B94E00634547 /* libRNFirebase.a */,
			);
			name = Products;
			sourceTree = "<group>";
		};
		59FFAE721F196885007A02AB /* Products */ = {
			isa = PBXGroup;
			children = (
				59FFAE9E1F196886007A02AB /* libSplashScreen.a */,
			);
			name = Products;
			sourceTree = "<group>";
		};
		5E91572E1DD0AC6500FF2AA8 /* Products */ = {
			isa = PBXGroup;
			children = (
				5E9157331DD0AC6500FF2AA8 /* libRCTAnimation.a */,
				5E9157351DD0AC6500FF2AA8 /* libRCTAnimation.a */,
			);
			name = Products;
			sourceTree = "<group>";
		};
		78C398B11ACF4ADC00677621 /* Products */ = {
			isa = PBXGroup;
			children = (
				78C398B91ACF4ADC00677621 /* libRCTLinking.a */,
				3DAD3E881DF850E9000B6D8A /* libRCTLinking-tvOS.a */,
			);
			name = Products;
			sourceTree = "<group>";
		};
		78D1B88493DF4B66A4F52EBB /* Frameworks */ = {
			isa = PBXGroup;
			children = (
				6478F58305484BF28694D0D8 /* libz.tbd */,
				95309EFA5F264EFF9402C280 /* CoreData.framework */,
				AF1F4024E48C47E180C8B0F4 /* SystemConfiguration.framework */,
				054F1FD4A59E4942A6B3984E /* libsqlite3.0.tbd */,
				2946070735C68DFFC1088BC7 /* libPods-VagalumeFM.a */,
			);
			name = Frameworks;
			sourceTree = "<group>";
		};
		832341AE1AAA6A7D00B99B32 /* Libraries */ = {
			isa = PBXGroup;
			children = (
				5943F88F1F2628FD00757CBC /* MediaControlsManager.h */,
				5943F8901F2628FD00757CBC /* MediaControlsManager.m */,
				5943F88C1F2628DF00757CBC /* AVPlayerManager.h */,
				5943F88D1F2628DF00757CBC /* AVPlayerManager.m */,
				59233FD11F58642C00DC34B5 /* RCTPushNotification.xcodeproj */,
				5943F8921F2629B500757CBC /* Pods.xcodeproj */,
				5E91572D1DD0AC6500FF2AA8 /* RCTAnimation.xcodeproj */,
				146833FF1AC3E56700842450 /* React.xcodeproj */,
				00C302A71ABCB8CE00DB3ED1 /* RCTActionSheet.xcodeproj */,
				00C302B51ABCB90400DB3ED1 /* RCTGeolocation.xcodeproj */,
				00C302BB1ABCB91800DB3ED1 /* RCTImage.xcodeproj */,
				78C398B01ACF4ADC00677621 /* RCTLinking.xcodeproj */,
				00C302D31ABCB9D200DB3ED1 /* RCTNetwork.xcodeproj */,
				139105B61AF99BAD00B5F7CC /* RCTSettings.xcodeproj */,
				832341B01AAA6A8300B99B32 /* RCTText.xcodeproj */,
				00C302DF1ABCB9EE00DB3ED1 /* RCTVibration.xcodeproj */,
				139FDEE61B06529A00C62182 /* RCTWebSocket.xcodeproj */,
				28BC0666508D4AC2BCE4C5D1 /* BugsnagReactNative.xcodeproj */,
				B568CF10F5FD4946AFAC7110 /* SplashScreen.xcodeproj */,
				1CF9B962C2B14FE0B934AF4D /* RNBackgroundTimer.xcodeproj */,
				27B5C0717DE84E958BF4FB35 /* RNFS.xcodeproj */,
				A24E7BF07797431B9A757C12 /* RCTGoogleAnalyticsBridge.xcodeproj */,
				533D50259ADC44C1B8ED4038 /* BVLinearGradient.xcodeproj */,
				F6F910E31CEF4302AD27EF81 /* RCTOrientation.xcodeproj */,
				7E8BF7B5557D40E28B1D56DF /* RNSound.xcodeproj */,
				25A9BC39394C44A5B89D83CC /* ReactNativeAudioStreaming.xcodeproj */,
				579DA610F010411AA1BC8778 /* RNDeviceInfo.xcodeproj */,
				4F7151F4BF9F4A3A8CFBB1A7 /* RNVectorIcons.xcodeproj */,
				AB4480EE4C604CAEA0E63B09 /* RNFirebase.xcodeproj */,
				BAED754259094F56814A86DD /* FastImage.xcodeproj */,
				4DDA9A0D8323400D960AFD54 /* FastImage.xcodeproj */,
			);
			name = Libraries;
			sourceTree = "<group>";
		};
		832341B11AAA6A8300B99B32 /* Products */ = {
			isa = PBXGroup;
			children = (
				832341B51AAA6A8300B99B32 /* libRCTText.a */,
				3DAD3E941DF850E9000B6D8A /* libRCTText-tvOS.a */,
			);
			name = Products;
			sourceTree = "<group>";
		};
		83CBB9F61A601CBA00E9B192 = {
			isa = PBXGroup;
			children = (
				13B07FAE1A68108700A75B9A /* VagalumeFM */,
				832341AE1AAA6A7D00B99B32 /* Libraries */,
				00E356EF1AD99517003FC87E /* VagalumeFMTests */,
				83CBBA001A601CBA00E9B192 /* Products */,
				78D1B88493DF4B66A4F52EBB /* Frameworks */,
				8AAE5FF43BF84EFAAD47E85A /* Resources */,
				899A7CDB19EBC859FDA66FA7 /* Pods */,
				5986F09F1FB6238B006E78A8 /* Recovered References */,
			);
			indentWidth = 2;
			sourceTree = "<group>";
			tabWidth = 2;
		};
		83CBBA001A601CBA00E9B192 /* Products */ = {
			isa = PBXGroup;
			children = (
				13B07F961A680F5B00A75B9A /* VagalumeFM.app */,
			);
			name = Products;
			sourceTree = "<group>";
		};
		899A7CDB19EBC859FDA66FA7 /* Pods */ = {
			isa = PBXGroup;
			children = (
				715403F2D989EB755D38B982 /* Pods-VagalumeFM.debug.xcconfig */,
				47B20E8745931D40DECADACD /* Pods-VagalumeFM.release.xcconfig */,
			);
			name = Pods;
			sourceTree = "<group>";
		};
		8AAE5FF43BF84EFAAD47E85A /* Resources */ = {
			isa = PBXGroup;
			children = (
				590FB93A1FA39B1B006BF7C5 /* vagalumeFM_icons.ttf */,
				E29C610A3FDC47DDB6BECCB3 /* rubik_bold.ttf */,
				C3FCBB8ACB4C470AA7B5C9B6 /* rubik_light.ttf */,
				FB80B7E5F5C3440490B369C8 /* rubik_medium.ttf */,
				964CDAE372B2461CB5AA5569 /* rubik.ttf */,
				89A6137D2A0348788DD17418 /* Entypo.ttf */,
				86FC0A43A54A4644A69CD252 /* EvilIcons.ttf */,
				366697FD926446CCA203C70B /* Feather.ttf */,
				7D5B338B22814FCDB1CFAA7B /* FontAwesome.ttf */,
				C0C8C63FDCB74CC7813EA4E1 /* Foundation.ttf */,
				B65C7477CA9B4ED7A676CFE3 /* Ionicons.ttf */,
				5E604D95D0DC438A94BE9281 /* MaterialCommunityIcons.ttf */,
				2A81F6427D554D0A981E7D45 /* MaterialIcons.ttf */,
				902C071E005142BF9E5417C3 /* Octicons.ttf */,
				57208054B60642B99DD7DB63 /* SimpleLineIcons.ttf */,
				21F069CA746E4A288625D04F /* Zocial.ttf */,
			);
			name = Resources;
			sourceTree = "<group>";
		};
/* End PBXGroup section */

/* Begin PBXNativeTarget section */
		13B07F861A680F5B00A75B9A /* VagalumeFM */ = {
			isa = PBXNativeTarget;
			buildConfigurationList = 13B07F931A680F5B00A75B9A /* Build configuration list for PBXNativeTarget "VagalumeFM" */;
			buildPhases = (
				CEE883101CD003BF2BB85E0C /* [CP] Check Pods Manifest.lock */,
				13B07F871A680F5B00A75B9A /* Sources */,
				13B07F8C1A680F5B00A75B9A /* Frameworks */,
				13B07F8E1A680F5B00A75B9A /* Resources */,
				00DD1BFF1BD5951E006B06BC /* Bundle React Native code and images */,
				5943F94B1F2BB24200757CBC /* Embed Frameworks */,
				068D74FDF4B6831E48CEECEA /* [CP] Copy Pods Resources */,
				595443D32052B97F001F4E2B /* ShellScript */,
			);
			buildRules = (
			);
			dependencies = (
			);
			name = VagalumeFM;
			productName = "Hello World";
			productReference = 13B07F961A680F5B00A75B9A /* VagalumeFM.app */;
			productType = "com.apple.product-type.application";
		};
/* End PBXNativeTarget section */

/* Begin PBXProject section */
		83CBB9F71A601CBA00E9B192 /* Project object */ = {
			isa = PBXProject;
			attributes = {
				LastUpgradeCheck = 610;
				ORGANIZATIONNAME = Facebook;
				TargetAttributes = {
					13B07F861A680F5B00A75B9A = {
						DevelopmentTeam = 5S2DNZZCAH;
						SystemCapabilities = {
							com.apple.BackgroundModes = {
								enabled = 1;
							};
							com.apple.Push = {
								enabled = 1;
							};
							com.apple.SafariKeychain = {
								enabled = 1;
							};
						};
					};
				};
			};
			buildConfigurationList = 83CBB9FA1A601CBA00E9B192 /* Build configuration list for PBXProject "VagalumeFM" */;
			compatibilityVersion = "Xcode 3.2";
			developmentRegion = English;
			hasScannedForEncodings = 0;
			knownRegions = (
				en,
				Base,
			);
			mainGroup = 83CBB9F61A601CBA00E9B192;
			productRefGroup = 83CBBA001A601CBA00E9B192 /* Products */;
			projectDirPath = "";
			projectReferences = (
				{
					ProductGroup = 5925967B1F193734006458B5 /* Products */;
					ProjectRef = 28BC0666508D4AC2BCE4C5D1 /* BugsnagReactNative.xcodeproj */;
				},
				{
					ProductGroup = 59B99AD51F41DFB300A8B0E8 /* Products */;
					ProjectRef = 533D50259ADC44C1B8ED4038 /* BVLinearGradient.xcodeproj */;
				},
				{
					ProductGroup = 59A84B0B204D8A59006B68C9 /* Products */;
					ProjectRef = BAED754259094F56814A86DD /* FastImage.xcodeproj */;
				},
				{
					ProductGroup = 594B04222088E5290083E328 /* Products */;
					ProjectRef = 4DDA9A0D8323400D960AFD54 /* FastImage.xcodeproj */;
				},
				{
					ProductGroup = 5943F8931F2629B500757CBC /* Products */;
					ProjectRef = 5943F8921F2629B500757CBC /* Pods.xcodeproj */;
				},
				{
					ProductGroup = 00C302A81ABCB8CE00DB3ED1 /* Products */;
					ProjectRef = 00C302A71ABCB8CE00DB3ED1 /* RCTActionSheet.xcodeproj */;
				},
				{
					ProductGroup = 5E91572E1DD0AC6500FF2AA8 /* Products */;
					ProjectRef = 5E91572D1DD0AC6500FF2AA8 /* RCTAnimation.xcodeproj */;
				},
				{
					ProductGroup = 00C302B61ABCB90400DB3ED1 /* Products */;
					ProjectRef = 00C302B51ABCB90400DB3ED1 /* RCTGeolocation.xcodeproj */;
				},
				{
					ProductGroup = 59B99A6E1F41DEFF00A8B0E8 /* Products */;
					ProjectRef = A24E7BF07797431B9A757C12 /* RCTGoogleAnalyticsBridge.xcodeproj */;
				},
				{
					ProductGroup = 00C302BC1ABCB91800DB3ED1 /* Products */;
					ProjectRef = 00C302BB1ABCB91800DB3ED1 /* RCTImage.xcodeproj */;
				},
				{
					ProductGroup = 78C398B11ACF4ADC00677621 /* Products */;
					ProjectRef = 78C398B01ACF4ADC00677621 /* RCTLinking.xcodeproj */;
				},
				{
					ProductGroup = 00C302D41ABCB9D200DB3ED1 /* Products */;
					ProjectRef = 00C302D31ABCB9D200DB3ED1 /* RCTNetwork.xcodeproj */;
				},
				{
					ProductGroup = 59B99B551F41E0BD00A8B0E8 /* Products */;
					ProjectRef = F6F910E31CEF4302AD27EF81 /* RCTOrientation.xcodeproj */;
				},
				{
					ProductGroup = 59233FD21F58642C00DC34B5 /* Products */;
					ProjectRef = 59233FD11F58642C00DC34B5 /* RCTPushNotification.xcodeproj */;
				},
				{
					ProductGroup = 139105B71AF99BAD00B5F7CC /* Products */;
					ProjectRef = 139105B61AF99BAD00B5F7CC /* RCTSettings.xcodeproj */;
				},
				{
					ProductGroup = 832341B11AAA6A8300B99B32 /* Products */;
					ProjectRef = 832341B01AAA6A8300B99B32 /* RCTText.xcodeproj */;
				},
				{
					ProductGroup = 00C302E01ABCB9EE00DB3ED1 /* Products */;
					ProjectRef = 00C302DF1ABCB9EE00DB3ED1 /* RCTVibration.xcodeproj */;
				},
				{
					ProductGroup = 139FDEE71B06529A00C62182 /* Products */;
					ProjectRef = 139FDEE61B06529A00C62182 /* RCTWebSocket.xcodeproj */;
				},
				{
					ProductGroup = 146834001AC3E56700842450 /* Products */;
					ProjectRef = 146833FF1AC3E56700842450 /* React.xcodeproj */;
				},
				{
					ProductGroup = 598196B21F60422B0016BE67 /* Products */;
					ProjectRef = 25A9BC39394C44A5B89D83CC /* ReactNativeAudioStreaming.xcodeproj */;
				},
				{
					ProductGroup = 59B9999C1F41DC3100A8B0E8 /* Products */;
					ProjectRef = 1CF9B962C2B14FE0B934AF4D /* RNBackgroundTimer.xcodeproj */;
				},
				{
					ProductGroup = 596549871F68586C002B7306 /* Products */;
					ProjectRef = 579DA610F010411AA1BC8778 /* RNDeviceInfo.xcodeproj */;
				},
				{
					ProductGroup = 59D18E2E2034B94E00634547 /* Products */;
					ProjectRef = AB4480EE4C604CAEA0E63B09 /* RNFirebase.xcodeproj */;
				},
				{
					ProductGroup = 59B99A051F41DE3800A8B0E8 /* Products */;
					ProjectRef = 27B5C0717DE84E958BF4FB35 /* RNFS.xcodeproj */;
				},
				{
					ProductGroup = 59A8D74A1F44C743009E9EE3 /* Products */;
					ProjectRef = 7E8BF7B5557D40E28B1D56DF /* RNSound.xcodeproj */;
				},
				{
					ProductGroup = 59557BD21F797B8800DB8F79 /* Products */;
					ProjectRef = 4F7151F4BF9F4A3A8CFBB1A7 /* RNVectorIcons.xcodeproj */;
				},
				{
					ProductGroup = 59FFAE721F196885007A02AB /* Products */;
					ProjectRef = B568CF10F5FD4946AFAC7110 /* SplashScreen.xcodeproj */;
				},
			);
			projectRoot = "";
			targets = (
				13B07F861A680F5B00A75B9A /* VagalumeFM */,
			);
		};
/* End PBXProject section */

/* Begin PBXReferenceProxy section */
		00C302AC1ABCB8CE00DB3ED1 /* libRCTActionSheet.a */ = {
			isa = PBXReferenceProxy;
			fileType = archive.ar;
			path = libRCTActionSheet.a;
			remoteRef = 00C302AB1ABCB8CE00DB3ED1 /* PBXContainerItemProxy */;
			sourceTree = BUILT_PRODUCTS_DIR;
		};
		00C302BA1ABCB90400DB3ED1 /* libRCTGeolocation.a */ = {
			isa = PBXReferenceProxy;
			fileType = archive.ar;
			path = libRCTGeolocation.a;
			remoteRef = 00C302B91ABCB90400DB3ED1 /* PBXContainerItemProxy */;
			sourceTree = BUILT_PRODUCTS_DIR;
		};
		00C302C01ABCB91800DB3ED1 /* libRCTImage.a */ = {
			isa = PBXReferenceProxy;
			fileType = archive.ar;
			path = libRCTImage.a;
			remoteRef = 00C302BF1ABCB91800DB3ED1 /* PBXContainerItemProxy */;
			sourceTree = BUILT_PRODUCTS_DIR;
		};
		00C302DC1ABCB9D200DB3ED1 /* libRCTNetwork.a */ = {
			isa = PBXReferenceProxy;
			fileType = archive.ar;
			path = libRCTNetwork.a;
			remoteRef = 00C302DB1ABCB9D200DB3ED1 /* PBXContainerItemProxy */;
			sourceTree = BUILT_PRODUCTS_DIR;
		};
		00C302E41ABCB9EE00DB3ED1 /* libRCTVibration.a */ = {
			isa = PBXReferenceProxy;
			fileType = archive.ar;
			path = libRCTVibration.a;
			remoteRef = 00C302E31ABCB9EE00DB3ED1 /* PBXContainerItemProxy */;
			sourceTree = BUILT_PRODUCTS_DIR;
		};
		139105C11AF99BAD00B5F7CC /* libRCTSettings.a */ = {
			isa = PBXReferenceProxy;
			fileType = archive.ar;
			path = libRCTSettings.a;
			remoteRef = 139105C01AF99BAD00B5F7CC /* PBXContainerItemProxy */;
			sourceTree = BUILT_PRODUCTS_DIR;
		};
		139FDEF41B06529B00C62182 /* libRCTWebSocket.a */ = {
			isa = PBXReferenceProxy;
			fileType = archive.ar;
			path = libRCTWebSocket.a;
			remoteRef = 139FDEF31B06529B00C62182 /* PBXContainerItemProxy */;
			sourceTree = BUILT_PRODUCTS_DIR;
		};
		146834041AC3E56700842450 /* libReact.a */ = {
			isa = PBXReferenceProxy;
			fileType = archive.ar;
			path = libReact.a;
			remoteRef = 146834031AC3E56700842450 /* PBXContainerItemProxy */;
			sourceTree = BUILT_PRODUCTS_DIR;
		};
		3DAD3E841DF850E9000B6D8A /* libRCTImage-tvOS.a */ = {
			isa = PBXReferenceProxy;
			fileType = archive.ar;
			path = "libRCTImage-tvOS.a";
			remoteRef = 3DAD3E831DF850E9000B6D8A /* PBXContainerItemProxy */;
			sourceTree = BUILT_PRODUCTS_DIR;
		};
		3DAD3E881DF850E9000B6D8A /* libRCTLinking-tvOS.a */ = {
			isa = PBXReferenceProxy;
			fileType = archive.ar;
			path = "libRCTLinking-tvOS.a";
			remoteRef = 3DAD3E871DF850E9000B6D8A /* PBXContainerItemProxy */;
			sourceTree = BUILT_PRODUCTS_DIR;
		};
		3DAD3E8C1DF850E9000B6D8A /* libRCTNetwork-tvOS.a */ = {
			isa = PBXReferenceProxy;
			fileType = archive.ar;
			path = "libRCTNetwork-tvOS.a";
			remoteRef = 3DAD3E8B1DF850E9000B6D8A /* PBXContainerItemProxy */;
			sourceTree = BUILT_PRODUCTS_DIR;
		};
		3DAD3E901DF850E9000B6D8A /* libRCTSettings-tvOS.a */ = {
			isa = PBXReferenceProxy;
			fileType = archive.ar;
			path = "libRCTSettings-tvOS.a";
			remoteRef = 3DAD3E8F1DF850E9000B6D8A /* PBXContainerItemProxy */;
			sourceTree = BUILT_PRODUCTS_DIR;
		};
		3DAD3E941DF850E9000B6D8A /* libRCTText-tvOS.a */ = {
			isa = PBXReferenceProxy;
			fileType = archive.ar;
			path = "libRCTText-tvOS.a";
			remoteRef = 3DAD3E931DF850E9000B6D8A /* PBXContainerItemProxy */;
			sourceTree = BUILT_PRODUCTS_DIR;
		};
		3DAD3E991DF850E9000B6D8A /* libRCTWebSocket-tvOS.a */ = {
			isa = PBXReferenceProxy;
			fileType = archive.ar;
			path = "libRCTWebSocket-tvOS.a";
			remoteRef = 3DAD3E981DF850E9000B6D8A /* PBXContainerItemProxy */;
			sourceTree = BUILT_PRODUCTS_DIR;
		};
		3DAD3EA51DF850E9000B6D8A /* libyoga.a */ = {
			isa = PBXReferenceProxy;
			fileType = archive.ar;
			path = libyoga.a;
			remoteRef = 3DAD3EA41DF850E9000B6D8A /* PBXContainerItemProxy */;
			sourceTree = BUILT_PRODUCTS_DIR;
		};
		3DAD3EA71DF850E9000B6D8A /* libyoga.a */ = {
			isa = PBXReferenceProxy;
			fileType = archive.ar;
			path = libyoga.a;
			remoteRef = 3DAD3EA61DF850E9000B6D8A /* PBXContainerItemProxy */;
			sourceTree = BUILT_PRODUCTS_DIR;
		};
		3DAD3EA91DF850E9000B6D8A /* libcxxreact.a */ = {
			isa = PBXReferenceProxy;
			fileType = archive.ar;
			path = libcxxreact.a;
			remoteRef = 3DAD3EA81DF850E9000B6D8A /* PBXContainerItemProxy */;
			sourceTree = BUILT_PRODUCTS_DIR;
		};
		3DAD3EAB1DF850E9000B6D8A /* libcxxreact.a */ = {
			isa = PBXReferenceProxy;
			fileType = archive.ar;
			path = libcxxreact.a;
			remoteRef = 3DAD3EAA1DF850E9000B6D8A /* PBXContainerItemProxy */;
			sourceTree = BUILT_PRODUCTS_DIR;
		};
		3DAD3EAD1DF850E9000B6D8A /* libjschelpers.a */ = {
			isa = PBXReferenceProxy;
			fileType = archive.ar;
			path = libjschelpers.a;
			remoteRef = 3DAD3EAC1DF850E9000B6D8A /* PBXContainerItemProxy */;
			sourceTree = BUILT_PRODUCTS_DIR;
		};
		3DAD3EAF1DF850E9000B6D8A /* libjschelpers.a */ = {
			isa = PBXReferenceProxy;
			fileType = archive.ar;
			path = libjschelpers.a;
			remoteRef = 3DAD3EAE1DF850E9000B6D8A /* PBXContainerItemProxy */;
			sourceTree = BUILT_PRODUCTS_DIR;
		};
		59233EF81F57081E00DC34B5 /* libBVLinearGradient.a */ = {
			isa = PBXReferenceProxy;
			fileType = archive.ar;
			path = libBVLinearGradient.a;
			remoteRef = 59233EF71F57081E00DC34B5 /* PBXContainerItemProxy */;
			sourceTree = BUILT_PRODUCTS_DIR;
		};
		59233FD71F58642C00DC34B5 /* libRCTPushNotification.a */ = {
			isa = PBXReferenceProxy;
			fileType = archive.ar;
			path = libRCTPushNotification.a;
			remoteRef = 59233FD61F58642C00DC34B5 /* PBXContainerItemProxy */;
			sourceTree = BUILT_PRODUCTS_DIR;
		};
		59233FD91F58642C00DC34B5 /* libRCTPushNotification-tvOS.a */ = {
			isa = PBXReferenceProxy;
			fileType = archive.ar;
			path = "libRCTPushNotification-tvOS.a";
			remoteRef = 59233FD81F58642C00DC34B5 /* PBXContainerItemProxy */;
			sourceTree = BUILT_PRODUCTS_DIR;
		};
		5925967F1F193734006458B5 /* libBugsnagReactNative.a */ = {
			isa = PBXReferenceProxy;
			fileType = archive.ar;
			path = libBugsnagReactNative.a;
			remoteRef = 5925967E1F193734006458B5 /* PBXContainerItemProxy */;
			sourceTree = BUILT_PRODUCTS_DIR;
		};
		5925969E1F193734006458B5 /* libthird-party.a */ = {
			isa = PBXReferenceProxy;
			fileType = archive.ar;
			path = "libthird-party.a";
			remoteRef = 5925969D1F193734006458B5 /* PBXContainerItemProxy */;
			sourceTree = BUILT_PRODUCTS_DIR;
		};
		592596A01F193734006458B5 /* libthird-party.a */ = {
			isa = PBXReferenceProxy;
			fileType = archive.ar;
			path = "libthird-party.a";
			remoteRef = 5925969F1F193734006458B5 /* PBXContainerItemProxy */;
			sourceTree = BUILT_PRODUCTS_DIR;
		};
		592596A21F193734006458B5 /* libdouble-conversion.a */ = {
			isa = PBXReferenceProxy;
			fileType = archive.ar;
			path = "libdouble-conversion.a";
			remoteRef = 592596A11F193734006458B5 /* PBXContainerItemProxy */;
			sourceTree = BUILT_PRODUCTS_DIR;
		};
		592596A41F193734006458B5 /* libdouble-conversion.a */ = {
			isa = PBXReferenceProxy;
			fileType = archive.ar;
			path = "libdouble-conversion.a";
			remoteRef = 592596A31F193734006458B5 /* PBXContainerItemProxy */;
			sourceTree = BUILT_PRODUCTS_DIR;
		};
		5943F8981F2629B500757CBC /* libPods-ReactNativeAudioStreaming.a */ = {
			isa = PBXReferenceProxy;
			fileType = archive.ar;
			path = "libPods-ReactNativeAudioStreaming.a";
			remoteRef = 5943F8971F2629B500757CBC /* PBXContainerItemProxy */;
			sourceTree = BUILT_PRODUCTS_DIR;
		};
		5943F89A1F2629B500757CBC /* libStreamingKit.a */ = {
			isa = PBXReferenceProxy;
			fileType = archive.ar;
			path = libStreamingKit.a;
			remoteRef = 5943F8991F2629B500757CBC /* PBXContainerItemProxy */;
			sourceTree = BUILT_PRODUCTS_DIR;
		};
		594B042A2088E5290083E328 /* libFastImage.a */ = {
			isa = PBXReferenceProxy;
			fileType = archive.ar;
			path = libFastImage.a;
			remoteRef = 594B04292088E5290083E328 /* PBXContainerItemProxy */;
			sourceTree = BUILT_PRODUCTS_DIR;
		};
		59557C071F797B8800DB8F79 /* libRNVectorIcons.a */ = {
			isa = PBXReferenceProxy;
			fileType = archive.ar;
			path = libRNVectorIcons.a;
			remoteRef = 59557C061F797B8800DB8F79 /* PBXContainerItemProxy */;
			sourceTree = BUILT_PRODUCTS_DIR;
		};
		596549B71F68586D002B7306 /* libRNDeviceInfo.a */ = {
			isa = PBXReferenceProxy;
			fileType = archive.ar;
			path = libRNDeviceInfo.a;
			remoteRef = 596549B61F68586D002B7306 /* PBXContainerItemProxy */;
			sourceTree = BUILT_PRODUCTS_DIR;
		};
		597362E51F9E117600BF9F75 /* libfishhook.a */ = {
			isa = PBXReferenceProxy;
			fileType = archive.ar;
			path = libfishhook.a;
			remoteRef = 597362E41F9E117600BF9F75 /* PBXContainerItemProxy */;
			sourceTree = BUILT_PRODUCTS_DIR;
		};
		597362E71F9E117600BF9F75 /* libfishhook-tvOS.a */ = {
			isa = PBXReferenceProxy;
			fileType = archive.ar;
			path = "libfishhook-tvOS.a";
			remoteRef = 597362E61F9E117600BF9F75 /* PBXContainerItemProxy */;
			sourceTree = BUILT_PRODUCTS_DIR;
		};
		598196DF1F60422C0016BE67 /* libReactNativeAudioStreaming.a */ = {
			isa = PBXReferenceProxy;
			fileType = archive.ar;
			path = libReactNativeAudioStreaming.a;
			remoteRef = 598196DE1F60422C0016BE67 /* PBXContainerItemProxy */;
			sourceTree = BUILT_PRODUCTS_DIR;
		};
		59A84B0F204D8A59006B68C9 /* libFastImage.a */ = {
			isa = PBXReferenceProxy;
			fileType = archive.ar;
			path = libFastImage.a;
			remoteRef = 59A84B0E204D8A59006B68C9 /* PBXContainerItemProxy */;
			sourceTree = BUILT_PRODUCTS_DIR;
		};
		59A8D77A1F44C744009E9EE3 /* libRNSound.a */ = {
			isa = PBXReferenceProxy;
			fileType = archive.ar;
			path = libRNSound.a;
			remoteRef = 59A8D7791F44C744009E9EE3 /* PBXContainerItemProxy */;
			sourceTree = BUILT_PRODUCTS_DIR;
		};
		59B999C71F41DC3100A8B0E8 /* libRNBackgroundTimer.a */ = {
			isa = PBXReferenceProxy;
			fileType = archive.ar;
			path = libRNBackgroundTimer.a;
			remoteRef = 59B999C61F41DC3100A8B0E8 /* PBXContainerItemProxy */;
			sourceTree = BUILT_PRODUCTS_DIR;
		};
		59B999C91F41DC3100A8B0E8 /* libRNBackgroundTimer.a */ = {
			isa = PBXReferenceProxy;
			fileType = archive.ar;
			path = libRNBackgroundTimer.a;
			remoteRef = 59B999C81F41DC3100A8B0E8 /* PBXContainerItemProxy */;
			sourceTree = BUILT_PRODUCTS_DIR;
		};
		59B99A331F41DE3900A8B0E8 /* libRNFS.a */ = {
			isa = PBXReferenceProxy;
			fileType = archive.ar;
			path = libRNFS.a;
			remoteRef = 59B99A321F41DE3900A8B0E8 /* PBXContainerItemProxy */;
			sourceTree = BUILT_PRODUCTS_DIR;
		};
		59B99A351F41DE3900A8B0E8 /* libRNFS.a */ = {
			isa = PBXReferenceProxy;
			fileType = archive.ar;
			path = libRNFS.a;
			remoteRef = 59B99A341F41DE3900A8B0E8 /* PBXContainerItemProxy */;
			sourceTree = BUILT_PRODUCTS_DIR;
		};
		59B99A7B1F41DF0000A8B0E8 /* libRCTGoogleAnalyticsBridge.a */ = {
			isa = PBXReferenceProxy;
			fileType = archive.ar;
			path = libRCTGoogleAnalyticsBridge.a;
			remoteRef = 59B99A7A1F41DF0000A8B0E8 /* PBXContainerItemProxy */;
			sourceTree = BUILT_PRODUCTS_DIR;
		};
		59B99ADA1F41DFB400A8B0E8 /* libBVLinearGradient.a */ = {
			isa = PBXReferenceProxy;
			fileType = archive.ar;
			path = libBVLinearGradient.a;
			remoteRef = 59B99AD91F41DFB400A8B0E8 /* PBXContainerItemProxy */;
			sourceTree = BUILT_PRODUCTS_DIR;
		};
		59B99B691F41E0BD00A8B0E8 /* libRCTOrientation.a */ = {
			isa = PBXReferenceProxy;
			fileType = archive.ar;
			path = libRCTOrientation.a;
			remoteRef = 59B99B681F41E0BD00A8B0E8 /* PBXContainerItemProxy */;
			sourceTree = BUILT_PRODUCTS_DIR;
		};
		59CE42C11FD5B1BC0059B467 /* libprivatedata.a */ = {
			isa = PBXReferenceProxy;
			fileType = archive.ar;
			path = libprivatedata.a;
			remoteRef = 59CE42C01FD5B1BC0059B467 /* PBXContainerItemProxy */;
			sourceTree = BUILT_PRODUCTS_DIR;
		};
		59CE42C31FD5B1BC0059B467 /* libprivatedata-tvOS.a */ = {
			isa = PBXReferenceProxy;
			fileType = archive.ar;
			path = "libprivatedata-tvOS.a";
			remoteRef = 59CE42C21FD5B1BC0059B467 /* PBXContainerItemProxy */;
			sourceTree = BUILT_PRODUCTS_DIR;
		};
		59CE42CA1FD5B1BC0059B467 /* libRNDeviceInfo-tvOS.a */ = {
			isa = PBXReferenceProxy;
			fileType = archive.ar;
			path = "libRNDeviceInfo-tvOS.a";
			remoteRef = 59CE42C91FD5B1BC0059B467 /* PBXContainerItemProxy */;
			sourceTree = BUILT_PRODUCTS_DIR;
		};
		59D18E1C2034B94D00634547 /* libReact.a */ = {
			isa = PBXReferenceProxy;
			fileType = archive.ar;
			path = libReact.a;
			remoteRef = 59D18E1B2034B94D00634547 /* PBXContainerItemProxy */;
			sourceTree = BUILT_PRODUCTS_DIR;
		};
		59D18E1E2034B94D00634547 /* libjsinspector.a */ = {
			isa = PBXReferenceProxy;
			fileType = archive.ar;
			path = libjsinspector.a;
			remoteRef = 59D18E1D2034B94D00634547 /* PBXContainerItemProxy */;
			sourceTree = BUILT_PRODUCTS_DIR;
		};
		59D18E202034B94D00634547 /* libjsinspector-tvOS.a */ = {
			isa = PBXReferenceProxy;
			fileType = archive.ar;
			path = "libjsinspector-tvOS.a";
			remoteRef = 59D18E1F2034B94D00634547 /* PBXContainerItemProxy */;
			sourceTree = BUILT_PRODUCTS_DIR;
		};
		59D18E322034B94E00634547 /* libRNFirebase.a */ = {
			isa = PBXReferenceProxy;
			fileType = archive.ar;
			path = libRNFirebase.a;
			remoteRef = 59D18E312034B94E00634547 /* PBXContainerItemProxy */;
			sourceTree = BUILT_PRODUCTS_DIR;
		};
		59FFAE9E1F196886007A02AB /* libSplashScreen.a */ = {
			isa = PBXReferenceProxy;
			fileType = archive.ar;
			path = libSplashScreen.a;
			remoteRef = 59FFAE9D1F196886007A02AB /* PBXContainerItemProxy */;
			sourceTree = BUILT_PRODUCTS_DIR;
		};
		5E9157331DD0AC6500FF2AA8 /* libRCTAnimation.a */ = {
			isa = PBXReferenceProxy;
			fileType = archive.ar;
			path = libRCTAnimation.a;
			remoteRef = 5E9157321DD0AC6500FF2AA8 /* PBXContainerItemProxy */;
			sourceTree = BUILT_PRODUCTS_DIR;
		};
		5E9157351DD0AC6500FF2AA8 /* libRCTAnimation.a */ = {
			isa = PBXReferenceProxy;
			fileType = archive.ar;
			path = libRCTAnimation.a;
			remoteRef = 5E9157341DD0AC6500FF2AA8 /* PBXContainerItemProxy */;
			sourceTree = BUILT_PRODUCTS_DIR;
		};
		78C398B91ACF4ADC00677621 /* libRCTLinking.a */ = {
			isa = PBXReferenceProxy;
			fileType = archive.ar;
			path = libRCTLinking.a;
			remoteRef = 78C398B81ACF4ADC00677621 /* PBXContainerItemProxy */;
			sourceTree = BUILT_PRODUCTS_DIR;
		};
		832341B51AAA6A8300B99B32 /* libRCTText.a */ = {
			isa = PBXReferenceProxy;
			fileType = archive.ar;
			path = libRCTText.a;
			remoteRef = 832341B41AAA6A8300B99B32 /* PBXContainerItemProxy */;
			sourceTree = BUILT_PRODUCTS_DIR;
		};
/* End PBXReferenceProxy section */

/* Begin PBXResourcesBuildPhase section */
		13B07F8E1A680F5B00A75B9A /* Resources */ = {
			isa = PBXResourcesBuildPhase;
			buildActionMask = 2147483647;
			files = (
				13B07FBF1A68108700A75B9A /* Images.xcassets in Resources */,
				590FB93B1FA39B1B006BF7C5 /* vagalumeFM_icons.ttf in Resources */,
				C5682912D10D4081A170A4E6 /* rubik_bold.ttf in Resources */,
				69C60610B91D4B90B82C72D3 /* rubik_light.ttf in Resources */,
				3F7FD267C24B46BE97C0A747 /* rubik_medium.ttf in Resources */,
				8C1FDF6E51894CA2B7E81079 /* rubik.ttf in Resources */,
				5965496B1F673309002B7306 /* GoogleService-Info.plist in Resources */,
				916386CCDDA14C4A83CB593A /* Entypo.ttf in Resources */,
				D13198D99E7E43748169DE93 /* EvilIcons.ttf in Resources */,
				0DAA7D3F4474431DB7F814F6 /* Feather.ttf in Resources */,
				2D0077CCDD89482A8B1FDCB5 /* FontAwesome.ttf in Resources */,
				36DF944F6187490CA4108E33 /* Foundation.ttf in Resources */,
				8582C271EC1B4B6C93F5E8E0 /* Ionicons.ttf in Resources */,
				CDDCCD95B5E2463FB244212B /* MaterialCommunityIcons.ttf in Resources */,
				E17A162BC0D941B0812DB125 /* MaterialIcons.ttf in Resources */,
				F9A2FF14B4E14C99902DE3FA /* Octicons.ttf in Resources */,
				E459D03315CE406A92C6ADFE /* SimpleLineIcons.ttf in Resources */,
				E32207058FA0414A85AE5AF3 /* Zocial.ttf in Resources */,
			);
			runOnlyForDeploymentPostprocessing = 0;
		};
/* End PBXResourcesBuildPhase section */

/* Begin PBXShellScriptBuildPhase section */
		00DD1BFF1BD5951E006B06BC /* Bundle React Native code and images */ = {
			isa = PBXShellScriptBuildPhase;
			buildActionMask = 2147483647;
			files = (
			);
			inputPaths = (
			);
			name = "Bundle React Native code and images";
			outputPaths = (
			);
			runOnlyForDeploymentPostprocessing = 0;
			shellPath = /bin/sh;
			shellScript = "export NODE_BINARY=node\n../node_modules/react-native/scripts/react-native-xcode.sh";
		};
		068D74FDF4B6831E48CEECEA /* [CP] Copy Pods Resources */ = {
			isa = PBXShellScriptBuildPhase;
			buildActionMask = 12;
			files = (
			);
			inputPaths = (
				"${SRCROOT}/Pods/Target Support Files/Pods-VagalumeFM/Pods-VagalumeFM-resources.sh",
				"${PODS_ROOT}/FBSDKCoreKit/FacebookSDKStrings.bundle",
			);
			name = "[CP] Copy Pods Resources";
			outputPaths = (
				"${TARGET_BUILD_DIR}/${UNLOCALIZED_RESOURCES_FOLDER_PATH}/FacebookSDKStrings.bundle",
			);
			runOnlyForDeploymentPostprocessing = 0;
			shellPath = /bin/sh;
			shellScript = "\"${SRCROOT}/Pods/Target Support Files/Pods-VagalumeFM/Pods-VagalumeFM-resources.sh\"\n";
			showEnvVarsInLog = 0;
		};
		595443D32052B97F001F4E2B /* ShellScript */ = {
			isa = PBXShellScriptBuildPhase;
			buildActionMask = 2147483647;
			files = (
			);
			inputPaths = (
			);
			outputPaths = (
			);
			runOnlyForDeploymentPostprocessing = 0;
			shellPath = /bin/sh;
			shellScript = "\"${PODS_ROOT}/Fabric/run\"";
		};
		CEE883101CD003BF2BB85E0C /* [CP] Check Pods Manifest.lock */ = {
			isa = PBXShellScriptBuildPhase;
			buildActionMask = 12;
			files = (
			);
			inputPaths = (
				"${PODS_PODFILE_DIR_PATH}/Podfile.lock",
				"${PODS_ROOT}/Manifest.lock",
			);
			name = "[CP] Check Pods Manifest.lock";
			outputPaths = (
				"$(DERIVED_FILE_DIR)/Pods-VagalumeFM-checkManifestLockResult.txt",
			);
			runOnlyForDeploymentPostprocessing = 0;
			shellPath = /bin/sh;
			shellScript = "diff \"${PODS_PODFILE_DIR_PATH}/Podfile.lock\" \"${PODS_ROOT}/Manifest.lock\" > /dev/null\nif [ $? != 0 ] ; then\n    # print error to STDERR\n    echo \"error: The sandbox is not in sync with the Podfile.lock. Run 'pod install' or update your CocoaPods installation.\" >&2\n    exit 1\nfi\n# This output is used by Xcode 'outputs' to avoid re-running this script phase.\necho \"SUCCESS\" > \"${SCRIPT_OUTPUT_FILE_0}\"\n";
			showEnvVarsInLog = 0;
		};
/* End PBXShellScriptBuildPhase section */

/* Begin PBXSourcesBuildPhase section */
		13B07F871A680F5B00A75B9A /* Sources */ = {
			isa = PBXSourcesBuildPhase;
			buildActionMask = 2147483647;
			files = (
				5943F8911F2628FD00757CBC /* MediaControlsManager.m in Sources */,
				5943F88E1F2628DF00757CBC /* AVPlayerManager.m in Sources */,
				13B07FBC1A68108700A75B9A /* AppDelegate.m in Sources */,
				13B07FC11A68108700A75B9A /* main.m in Sources */,
			);
			runOnlyForDeploymentPostprocessing = 0;
		};
/* End PBXSourcesBuildPhase section */

/* Begin XCBuildConfiguration section */
		13B07F941A680F5B00A75B9A /* Debug */ = {
			isa = XCBuildConfiguration;
			baseConfigurationReference = 715403F2D989EB755D38B982 /* Pods-VagalumeFM.debug.xcconfig */;
			buildSettings = {
				ASSETCATALOG_COMPILER_APPICON_NAME = AppIcon;
				ASSETCATALOG_COMPILER_LAUNCHIMAGE_NAME = LaunchImage;
				CODE_SIGN_ENTITLEMENTS = VagalumeFM/VagalumeFM.entitlements;
				CURRENT_PROJECT_VERSION = 1;
				DEAD_CODE_STRIPPING = NO;
				DEVELOPMENT_TEAM = 5S2DNZZCAH;
				FRAMEWORK_SEARCH_PATHS = (
					"${HOME}/Documents/FacebookSDK",
					"$(inherited)",
				);
				HEADER_SEARCH_PATHS = (
					"$(inherited)",
					"$(SRCROOT)/../node_modules/bugsnag-react-native/cocoa/**",
					"$(SRCROOT)/../node_modules/react-native-splash-screen/ios",
					"$(SRCROOT)/../node_modules/react-native-audio-streaming/ios/**",
					"$(SRCROOT)/../node_modules/lottie-ios/Lottie-Screenshot/**",
					"$(SRCROOT)/../node_modules/lottie-react-native/lib/ios/LottieReactNative",
					"$(SRCROOT)/../node_modules/react-native-background-timer/ios",
					"$(SRCROOT)/../node_modules/react-native-fs/**",
					"$(SRCROOT)/../node_modules/react-native-google-analytics-bridge/ios/RCTGoogleAnalyticsBridge/**",
					"$(SRCROOT)/../node_modules/react-native-linear-gradient/BVLinearGradient",
					"$(SRCROOT)/../node_modules/react-native-orientation/iOS/RCTOrientation/**",
					"$(SRCROOT)/../node_modules/react-native-sound/RNSound",
					"$(SRCROOT)/../node_modules/react-native-audio-streaming/ios/**",
					"$(SRCROOT)/../node_modules/react-native-device-info/RNDeviceInfo",
					"$(SRCROOT)/../node_modules/react-native-vector-icons/RNVectorIconsManager",
					"$(SRCROOT)/../node_modules/react-native-firebase/ios/RNFirebase/**",
					"$(SRCROOT)/../node_modules/react-native-fast-image/ios/FastImage/**",
					"$(SRCROOT)/../node_modules/react-native-fast-image/ios/FastImage/**",
				);
				INFOPLIST_FILE = VagalumeFM/Info.plist;
				LD_RUNPATH_SEARCH_PATHS = "$(inherited) @executable_path/Frameworks";
				LIBRARY_SEARCH_PATHS = (
					"$(inherited)",
					"\"$(SRCROOT)/VagalumeFM\"",
					"\"$(SRCROOT)/VagalumeFM\"",
				);
				OTHER_LDFLAGS = (
					"$(inherited)",
					"-ObjC",
					"-lc++",
				);
				PRODUCT_BUNDLE_IDENTIFIER = br.com.vagalume.fm;
				PRODUCT_NAME = VagalumeFM;
				TARGETED_DEVICE_FAMILY = "1,2";
				VERSIONING_SYSTEM = "apple-generic";
			};
			name = Debug;
		};
		13B07F951A680F5B00A75B9A /* Release */ = {
			isa = XCBuildConfiguration;
			baseConfigurationReference = 47B20E8745931D40DECADACD /* Pods-VagalumeFM.release.xcconfig */;
			buildSettings = {
				ASSETCATALOG_COMPILER_APPICON_NAME = AppIcon;
				ASSETCATALOG_COMPILER_LAUNCHIMAGE_NAME = LaunchImage;
				CODE_SIGN_ENTITLEMENTS = VagalumeFM/VagalumeFM.entitlements;
				CURRENT_PROJECT_VERSION = 1;
				DEVELOPMENT_TEAM = 5S2DNZZCAH;
				FRAMEWORK_SEARCH_PATHS = (
					"${HOME}/Documents/FacebookSDK",
					"$(inherited)",
				);
				HEADER_SEARCH_PATHS = (
					"$(inherited)",
					"$(SRCROOT)/../node_modules/bugsnag-react-native/cocoa/**",
					"$(SRCROOT)/../node_modules/react-native-splash-screen/ios",
					"$(SRCROOT)/../node_modules/react-native-audio-streaming/ios/**",
					"$(SRCROOT)/../node_modules/lottie-ios/Lottie-Screenshot/**",
					"$(SRCROOT)/../node_modules/lottie-react-native/lib/ios/LottieReactNative",
					"$(SRCROOT)/../node_modules/react-native-background-timer/ios",
					"$(SRCROOT)/../node_modules/react-native-fs/**",
					"$(SRCROOT)/../node_modules/react-native-google-analytics-bridge/ios/RCTGoogleAnalyticsBridge/**",
					"$(SRCROOT)/../node_modules/react-native-linear-gradient/BVLinearGradient",
					"$(SRCROOT)/../node_modules/react-native-orientation/iOS/RCTOrientation/**",
					"$(SRCROOT)/../node_modules/react-native-sound/RNSound",
					"$(SRCROOT)/../node_modules/react-native-audio-streaming/ios/**",
					"$(SRCROOT)/../node_modules/react-native-device-info/RNDeviceInfo",
					"$(SRCROOT)/../node_modules/react-native-vector-icons/RNVectorIconsManager",
					"$(SRCROOT)/../node_modules/react-native-firebase/ios/RNFirebase/**",
					"$(SRCROOT)/../node_modules/react-native-fast-image/ios/FastImage/**",
					"$(SRCROOT)/../node_modules/react-native-fast-image/ios/FastImage/**",
				);
				INFOPLIST_FILE = VagalumeFM/Info.plist;
				LD_RUNPATH_SEARCH_PATHS = "$(inherited) @executable_path/Frameworks";
				LIBRARY_SEARCH_PATHS = (
					"$(inherited)",
					"\"$(SRCROOT)/VagalumeFM\"",
					"\"$(SRCROOT)/VagalumeFM\"",
				);
				OTHER_LDFLAGS = (
					"$(inherited)",
					"-ObjC",
					"-lc++",
				);
				PRODUCT_BUNDLE_IDENTIFIER = br.com.vagalume.fm;
				PRODUCT_NAME = VagalumeFM;
				TARGETED_DEVICE_FAMILY = "1,2";
				VERSIONING_SYSTEM = "apple-generic";
			};
			name = Release;
		};
		83CBBA201A601CBA00E9B192 /* Debug */ = {
			isa = XCBuildConfiguration;
			buildSettings = {
				ALWAYS_SEARCH_USER_PATHS = NO;
				CLANG_CXX_LANGUAGE_STANDARD = "gnu++0x";
				CLANG_CXX_LIBRARY = "libc++";
				CLANG_ENABLE_MODULES = YES;
				CLANG_ENABLE_OBJC_ARC = YES;
				CLANG_WARN_BOOL_CONVERSION = YES;
				CLANG_WARN_CONSTANT_CONVERSION = YES;
				CLANG_WARN_DIRECT_OBJC_ISA_USAGE = YES_ERROR;
				CLANG_WARN_EMPTY_BODY = YES;
				CLANG_WARN_ENUM_CONVERSION = YES;
				CLANG_WARN_INT_CONVERSION = YES;
				CLANG_WARN_OBJC_ROOT_CLASS = YES_ERROR;
				CLANG_WARN_UNREACHABLE_CODE = YES;
				CLANG_WARN__DUPLICATE_METHOD_MATCH = YES;
				"CODE_SIGN_IDENTITY[sdk=iphoneos*]" = "iPhone Developer";
				COPY_PHASE_STRIP = NO;
				ENABLE_STRICT_OBJC_MSGSEND = YES;
				FRAMEWORK_SEARCH_PATHS = (
					"${HOME}/Documents/FacebookSDK",
					"$(inherited)",
				);
				GCC_C_LANGUAGE_STANDARD = gnu99;
				GCC_DYNAMIC_NO_PIC = NO;
				GCC_OPTIMIZATION_LEVEL = 0;
				GCC_PREPROCESSOR_DEFINITIONS = (
					"DEBUG=1",
					"$(inherited)",
				);
				GCC_SYMBOLS_PRIVATE_EXTERN = NO;
				GCC_WARN_64_TO_32_BIT_CONVERSION = YES;
				GCC_WARN_ABOUT_RETURN_TYPE = YES_ERROR;
				GCC_WARN_UNDECLARED_SELECTOR = YES;
				GCC_WARN_UNINITIALIZED_AUTOS = YES_AGGRESSIVE;
				GCC_WARN_UNUSED_FUNCTION = YES;
				GCC_WARN_UNUSED_VARIABLE = YES;
				IPHONEOS_DEPLOYMENT_TARGET = 8.0;
				MTL_ENABLE_DEBUG_INFO = YES;
				ONLY_ACTIVE_ARCH = YES;
				SDKROOT = iphoneos;
			};
			name = Debug;
		};
		83CBBA211A601CBA00E9B192 /* Release */ = {
			isa = XCBuildConfiguration;
			buildSettings = {
				ALWAYS_SEARCH_USER_PATHS = NO;
				CLANG_CXX_LANGUAGE_STANDARD = "gnu++0x";
				CLANG_CXX_LIBRARY = "libc++";
				CLANG_ENABLE_MODULES = YES;
				CLANG_ENABLE_OBJC_ARC = YES;
				CLANG_WARN_BOOL_CONVERSION = YES;
				CLANG_WARN_CONSTANT_CONVERSION = YES;
				CLANG_WARN_DIRECT_OBJC_ISA_USAGE = YES_ERROR;
				CLANG_WARN_EMPTY_BODY = YES;
				CLANG_WARN_ENUM_CONVERSION = YES;
				CLANG_WARN_INT_CONVERSION = YES;
				CLANG_WARN_OBJC_ROOT_CLASS = YES_ERROR;
				CLANG_WARN_UNREACHABLE_CODE = YES;
				CLANG_WARN__DUPLICATE_METHOD_MATCH = YES;
				"CODE_SIGN_IDENTITY[sdk=iphoneos*]" = "iPhone Developer";
				COPY_PHASE_STRIP = YES;
				ENABLE_NS_ASSERTIONS = NO;
				ENABLE_STRICT_OBJC_MSGSEND = YES;
				FRAMEWORK_SEARCH_PATHS = (
					"${HOME}/Documents/FacebookSDK",
					"$(inherited)",
				);
				GCC_C_LANGUAGE_STANDARD = gnu99;
				GCC_WARN_64_TO_32_BIT_CONVERSION = YES;
				GCC_WARN_ABOUT_RETURN_TYPE = YES_ERROR;
				GCC_WARN_UNDECLARED_SELECTOR = YES;
				GCC_WARN_UNINITIALIZED_AUTOS = YES_AGGRESSIVE;
				GCC_WARN_UNUSED_FUNCTION = YES;
				GCC_WARN_UNUSED_VARIABLE = YES;
				IPHONEOS_DEPLOYMENT_TARGET = 8.0;
				MTL_ENABLE_DEBUG_INFO = NO;
				SDKROOT = iphoneos;
				VALIDATE_PRODUCT = YES;
			};
			name = Release;
		};
/* End XCBuildConfiguration section */

/* Begin XCConfigurationList section */
		13B07F931A680F5B00A75B9A /* Build configuration list for PBXNativeTarget "VagalumeFM" */ = {
			isa = XCConfigurationList;
			buildConfigurations = (
				13B07F941A680F5B00A75B9A /* Debug */,
				13B07F951A680F5B00A75B9A /* Release */,
			);
			defaultConfigurationIsVisible = 0;
			defaultConfigurationName = Release;
		};
		83CBB9FA1A601CBA00E9B192 /* Build configuration list for PBXProject "VagalumeFM" */ = {
			isa = XCConfigurationList;
			buildConfigurations = (
				83CBBA201A601CBA00E9B192 /* Debug */,
				83CBBA211A601CBA00E9B192 /* Release */,
			);
			defaultConfigurationIsVisible = 0;
			defaultConfigurationName = Release;
		};
/* End XCConfigurationList section */
	};
	rootObject = 83CBB9F71A601CBA00E9B192 /* Project object */;
}
